// !$*UTF8*$!
{
	archiveVersion = 1;
	classes = {
	};
	objectVersion = 46;
	objects = {

/* Begin PBXBuildFile section */
		800FFDD8199A87730062AA13 /* leaderboardScreen.m in Sources */ = {isa = PBXBuildFile; fileRef = 800FFDD7199A87730062AA13 /* leaderboardScreen.m */; };
		800FFDDC199AB0C50062AA13 /* LBRow.m in Sources */ = {isa = PBXBuildFile; fileRef = 800FFDDB199AB0C50062AA13 /* LBRow.m */; };
		801BCE4A199D22F800667EB3 /* LBButton.m in Sources */ = {isa = PBXBuildFile; fileRef = 801BCE49199D22F800667EB3 /* LBButton.m */; };
		801BCE4C199DA2F200667EB3 /* Images.xcassets in Resources */ = {isa = PBXBuildFile; fileRef = 801BCE4B199DA2F200667EB3 /* Images.xcassets */; };
		801BCE7E199DAA4100667EB3 /* Icon-72.png in Resources */ = {isa = PBXBuildFile; fileRef = 801BCE5D199DAA4100667EB3 /* Icon-72.png */; };
		801BCE7F199DAA4100667EB3 /* Icon-72@2x.png in Resources */ = {isa = PBXBuildFile; fileRef = 801BCE5E199DAA4100667EB3 /* Icon-72@2x.png */; };
		801BCE80199DAA4100667EB3 /* Icon-Small-50.png in Resources */ = {isa = PBXBuildFile; fileRef = 801BCE5F199DAA4100667EB3 /* Icon-Small-50.png */; };
		801BCE81199DAA4100667EB3 /* Icon-Small-50@2x.png in Resources */ = {isa = PBXBuildFile; fileRef = 801BCE60199DAA4100667EB3 /* Icon-Small-50@2x.png */; };
		801BCE82199DAA4100667EB3 /* Icon-Small.png in Resources */ = {isa = PBXBuildFile; fileRef = 801BCE61199DAA4100667EB3 /* Icon-Small.png */; };
		801BCE83199DAA4100667EB3 /* Icon-Small@2x.png in Resources */ = {isa = PBXBuildFile; fileRef = 801BCE62199DAA4100667EB3 /* Icon-Small@2x.png */; };
		801BCE84199DAA4100667EB3 /* Icon.png in Resources */ = {isa = PBXBuildFile; fileRef = 801BCE63199DAA4100667EB3 /* Icon.png */; };
		801BCE85199DAA4100667EB3 /* Icon@2x.png in Resources */ = {isa = PBXBuildFile; fileRef = 801BCE64199DAA4100667EB3 /* Icon@2x.png */; };
		801BCE86199DAA4100667EB3 /* iTunesArtwork.png in Resources */ = {isa = PBXBuildFile; fileRef = 801BCE65199DAA4100667EB3 /* iTunesArtwork.png */; };
		801BCE87199DAA4100667EB3 /* iTunesArtwork@2x.png in Resources */ = {isa = PBXBuildFile; fileRef = 801BCE66199DAA4100667EB3 /* iTunesArtwork@2x.png */; };
		801BCE88199DAA4100667EB3 /* Icon-40.png in Resources */ = {isa = PBXBuildFile; fileRef = 801BCE68199DAA4100667EB3 /* Icon-40.png */; };
		801BCE89199DAA4100667EB3 /* Icon-40@2x.png in Resources */ = {isa = PBXBuildFile; fileRef = 801BCE69199DAA4100667EB3 /* Icon-40@2x.png */; };
		801BCE8A199DAA4100667EB3 /* Icon-60.png in Resources */ = {isa = PBXBuildFile; fileRef = 801BCE6A199DAA4100667EB3 /* Icon-60.png */; };
		801BCE8B199DAA4100667EB3 /* Icon-60@2x.png in Resources */ = {isa = PBXBuildFile; fileRef = 801BCE6B199DAA4100667EB3 /* Icon-60@2x.png */; };
		801BCE8C199DAA4100667EB3 /* Icon-72.png in Resources */ = {isa = PBXBuildFile; fileRef = 801BCE6C199DAA4100667EB3 /* Icon-72.png */; };
		801BCE8D199DAA4100667EB3 /* Icon-72@2x.png in Resources */ = {isa = PBXBuildFile; fileRef = 801BCE6D199DAA4100667EB3 /* Icon-72@2x.png */; };
		801BCE8E199DAA4100667EB3 /* Icon-76.png in Resources */ = {isa = PBXBuildFile; fileRef = 801BCE6E199DAA4100667EB3 /* Icon-76.png */; };
		801BCE8F199DAA4100667EB3 /* Icon-76@2x.png in Resources */ = {isa = PBXBuildFile; fileRef = 801BCE6F199DAA4100667EB3 /* Icon-76@2x.png */; };
		801BCE90199DAA4100667EB3 /* Icon-Small-50.png in Resources */ = {isa = PBXBuildFile; fileRef = 801BCE70199DAA4100667EB3 /* Icon-Small-50.png */; };
		801BCE91199DAA4100667EB3 /* Icon-Small-50@2x.png in Resources */ = {isa = PBXBuildFile; fileRef = 801BCE71199DAA4100667EB3 /* Icon-Small-50@2x.png */; };
		801BCE92199DAA4100667EB3 /* Icon-Small.png in Resources */ = {isa = PBXBuildFile; fileRef = 801BCE72199DAA4100667EB3 /* Icon-Small.png */; };
		801BCE93199DAA4100667EB3 /* Icon-Small@2x.png in Resources */ = {isa = PBXBuildFile; fileRef = 801BCE73199DAA4100667EB3 /* Icon-Small@2x.png */; };
		801BCE94199DAA4100667EB3 /* Icon.png in Resources */ = {isa = PBXBuildFile; fileRef = 801BCE74199DAA4100667EB3 /* Icon.png */; };
		801BCE95199DAA4100667EB3 /* Icon@2x.png in Resources */ = {isa = PBXBuildFile; fileRef = 801BCE75199DAA4100667EB3 /* Icon@2x.png */; };
		801BCE96199DAA4100667EB3 /* iTunesArtwork.png in Resources */ = {isa = PBXBuildFile; fileRef = 801BCE76199DAA4100667EB3 /* iTunesArtwork.png */; };
		801BCE97199DAA4100667EB3 /* iTunesArtwork@2x.png in Resources */ = {isa = PBXBuildFile; fileRef = 801BCE77199DAA4100667EB3 /* iTunesArtwork@2x.png */; };
		801BCE99199DAB4B00667EB3 /* Images-2.xcassets in Resources */ = {isa = PBXBuildFile; fileRef = 801BCE98199DAB4B00667EB3 /* Images-2.xcassets */; };
		801D5ABC19915D1900116FE5 /* AppDelegate.m in Sources */ = {isa = PBXBuildFile; fileRef = 801D5ABB19915D1900116FE5 /* AppDelegate.m */; };
		80220FE1196DCF82006CC5D3 /* ShapeGrow.m in Sources */ = {isa = PBXBuildFile; fileRef = 80220FE0196DCF82006CC5D3 /* ShapeGrow.m */; };
		8026BEB019999A0300FF04BC /* aqua.png in Resources */ = {isa = PBXBuildFile; fileRef = 8026BE6A19999A0200FF04BC /* aqua.png */; };
		8026BEB119999A0300FF04BC /* bluechatbubble.png in Resources */ = {isa = PBXBuildFile; fileRef = 8026BE6B19999A0200FF04BC /* bluechatbubble.png */; };
		8026BEB219999A0300FF04BC /* CrossPromoViewController.nib in Resources */ = {isa = PBXBuildFile; fileRef = 8026BE6C19999A0200FF04BC /* CrossPromoViewController.nib */; };
		8026BEB319999A0300FF04BC /* FacebookIcon.png in Resources */ = {isa = PBXBuildFile; fileRef = 8026BE6D19999A0200FF04BC /* FacebookIcon.png */; };
		8026BEB419999A0300FF04BC /* fb_connect.png in Resources */ = {isa = PBXBuildFile; fileRef = 8026BE6E19999A0200FF04BC /* fb_connect.png */; };
		8026BEB519999A0300FF04BC /* FBLoginButton.png in Resources */ = {isa = PBXBuildFile; fileRef = 8026BE6F19999A0200FF04BC /* FBLoginButton.png */; };
		8026BEB619999A0300FF04BC /* FBLoginButton@2x.png in Resources */ = {isa = PBXBuildFile; fileRef = 8026BE7019999A0200FF04BC /* FBLoginButton@2x.png */; };
		8026BEB719999A0300FF04BC /* FBLoginButtonPressed.png in Resources */ = {isa = PBXBuildFile; fileRef = 8026BE7119999A0200FF04BC /* FBLoginButtonPressed.png */; };
		8026BEB819999A0300FF04BC /* FBLoginButtonPressed@2x.png in Resources */ = {isa = PBXBuildFile; fileRef = 8026BE7219999A0200FF04BC /* FBLoginButtonPressed@2x.png */; };
		8026BEB919999A0300FF04BC /* FBNoThanksButton.png in Resources */ = {isa = PBXBuildFile; fileRef = 8026BE7319999A0200FF04BC /* FBNoThanksButton.png */; };
		8026BEBA19999A0300FF04BC /* FBNoThanksButton@2x.png in Resources */ = {isa = PBXBuildFile; fileRef = 8026BE7419999A0200FF04BC /* FBNoThanksButton@2x.png */; };
		8026BEBB19999A0300FF04BC /* FBNoThanksButtonPressed.png in Resources */ = {isa = PBXBuildFile; fileRef = 8026BE7519999A0200FF04BC /* FBNoThanksButtonPressed.png */; };
		8026BEBC19999A0300FF04BC /* FBNoThanksButtonPressed@2x.png in Resources */ = {isa = PBXBuildFile; fileRef = 8026BE7619999A0200FF04BC /* FBNoThanksButtonPressed@2x.png */; };
		8026BEBD19999A0300FF04BC /* green.png in Resources */ = {isa = PBXBuildFile; fileRef = 8026BE7719999A0200FF04BC /* green.png */; };
		8026BEBE19999A0300FF04BC /* grey-background.png in Resources */ = {isa = PBXBuildFile; fileRef = 8026BE7819999A0200FF04BC /* grey-background.png */; };
		8026BEBF19999A0300FF04BC /* hipmob.back.btn.png in Resources */ = {isa = PBXBuildFile; fileRef = 8026BE7919999A0200FF04BC /* hipmob.back.btn.png */; };
		8026BEC019999A0300FF04BC /* hipmob.send.png in Resources */ = {isa = PBXBuildFile; fileRef = 8026BE7A19999A0200FF04BC /* hipmob.send.png */; };
		8026BEC119999A0300FF04BC /* hipmobsend_field.png in Resources */ = {isa = PBXBuildFile; fileRef = 8026BE7B19999A0200FF04BC /* hipmobsend_field.png */; };
		8026BEC219999A0300FF04BC /* hipmobsend_field@2x.png in Resources */ = {isa = PBXBuildFile; fileRef = 8026BE7C19999A0200FF04BC /* hipmobsend_field@2x.png */; };
		8026BEC319999A0300FF04BC /* mgwu-gk-notification.png in Resources */ = {isa = PBXBuildFile; fileRef = 8026BE7D19999A0200FF04BC /* mgwu-gk-notification.png */; };
		8026BEC419999A0300FF04BC /* mgwu-gk-notification@2x.png in Resources */ = {isa = PBXBuildFile; fileRef = 8026BE7E19999A0200FF04BC /* mgwu-gk-notification@2x.png */; };
		8026BEC519999A0300FF04BC /* mgwu-m.png in Resources */ = {isa = PBXBuildFile; fileRef = 8026BE7F19999A0200FF04BC /* mgwu-m.png */; };
		8026BEC619999A0300FF04BC /* mgwu-m@2x.png in Resources */ = {isa = PBXBuildFile; fileRef = 8026BE8019999A0200FF04BC /* mgwu-m@2x.png */; };
		8026BEC719999A0300FF04BC /* MGWUAboutFooter-Landscape-568h@2x~iphone.png in Resources */ = {isa = PBXBuildFile; fileRef = 8026BE8119999A0200FF04BC /* MGWUAboutFooter-Landscape-568h@2x~iphone.png */; };
		8026BEC819999A0300FF04BC /* MGWUAboutFooter-Landscape@2x~ipad.png in Resources */ = {isa = PBXBuildFile; fileRef = 8026BE8219999A0200FF04BC /* MGWUAboutFooter-Landscape@2x~ipad.png */; };
		8026BEC919999A0300FF04BC /* MGWUAboutFooter-Landscape@2x~iphone.png in Resources */ = {isa = PBXBuildFile; fileRef = 8026BE8319999A0200FF04BC /* MGWUAboutFooter-Landscape@2x~iphone.png */; };
		8026BECA19999A0300FF04BC /* MGWUAboutFooter-Landscape~ipad.png in Resources */ = {isa = PBXBuildFile; fileRef = 8026BE8419999A0200FF04BC /* MGWUAboutFooter-Landscape~ipad.png */; };
		8026BECB19999A0300FF04BC /* MGWUAboutFooter-Landscape~iphone.png in Resources */ = {isa = PBXBuildFile; fileRef = 8026BE8519999A0200FF04BC /* MGWUAboutFooter-Landscape~iphone.png */; };
		8026BECC19999A0300FF04BC /* MGWUAboutFooter-Portrait@2x~ipad.png in Resources */ = {isa = PBXBuildFile; fileRef = 8026BE8619999A0200FF04BC /* MGWUAboutFooter-Portrait@2x~ipad.png */; };
		8026BECD19999A0300FF04BC /* MGWUAboutFooter-Portrait@2x~iphone.png in Resources */ = {isa = PBXBuildFile; fileRef = 8026BE8719999A0200FF04BC /* MGWUAboutFooter-Portrait@2x~iphone.png */; };
		8026BECE19999A0300FF04BC /* MGWUAboutFooter-Portrait~ipad.png in Resources */ = {isa = PBXBuildFile; fileRef = 8026BE8819999A0200FF04BC /* MGWUAboutFooter-Portrait~ipad.png */; };
		8026BECF19999A0300FF04BC /* MGWUAboutFooter-Portrait~iphone.png in Resources */ = {isa = PBXBuildFile; fileRef = 8026BE8919999A0200FF04BC /* MGWUAboutFooter-Portrait~iphone.png */; };
		8026BED019999A0300FF04BC /* MGWUBackground-Landscape@2x~ipad.png in Resources */ = {isa = PBXBuildFile; fileRef = 8026BE8A19999A0200FF04BC /* MGWUBackground-Landscape@2x~ipad.png */; };
		8026BED119999A0300FF04BC /* MGWUBackground-Landscape@2x~iphone.png in Resources */ = {isa = PBXBuildFile; fileRef = 8026BE8B19999A0200FF04BC /* MGWUBackground-Landscape@2x~iphone.png */; };
		8026BED219999A0300FF04BC /* MGWUBackground-Landscape~ipad.png in Resources */ = {isa = PBXBuildFile; fileRef = 8026BE8C19999A0200FF04BC /* MGWUBackground-Landscape~ipad.png */; };
		8026BED319999A0300FF04BC /* MGWUBackground-Landscape~iphone.png in Resources */ = {isa = PBXBuildFile; fileRef = 8026BE8D19999A0200FF04BC /* MGWUBackground-Landscape~iphone.png */; };
		8026BED419999A0300FF04BC /* MGWUBackground-Portrait@2x~ipad.png in Resources */ = {isa = PBXBuildFile; fileRef = 8026BE8E19999A0200FF04BC /* MGWUBackground-Portrait@2x~ipad.png */; };
		8026BED519999A0300FF04BC /* MGWUBackground-Portrait@2x~iphone.png in Resources */ = {isa = PBXBuildFile; fileRef = 8026BE8F19999A0200FF04BC /* MGWUBackground-Portrait@2x~iphone.png */; };
		8026BED619999A0300FF04BC /* MGWUBackground-Portrait~ipad.png in Resources */ = {isa = PBXBuildFile; fileRef = 8026BE9019999A0200FF04BC /* MGWUBackground-Portrait~ipad.png */; };
		8026BED719999A0300FF04BC /* MGWUBackground-Portrait~iphone.png in Resources */ = {isa = PBXBuildFile; fileRef = 8026BE9119999A0200FF04BC /* MGWUBackground-Portrait~iphone.png */; };
		8026BED819999A0300FF04BC /* MGWUBackgroundDark-Landscape@2x~ipad.png in Resources */ = {isa = PBXBuildFile; fileRef = 8026BE9219999A0200FF04BC /* MGWUBackgroundDark-Landscape@2x~ipad.png */; };
		8026BED919999A0300FF04BC /* MGWUBackgroundDark-Landscape@2x~iphone.png in Resources */ = {isa = PBXBuildFile; fileRef = 8026BE9319999A0200FF04BC /* MGWUBackgroundDark-Landscape@2x~iphone.png */; };
		8026BEDA19999A0300FF04BC /* MGWUBackgroundDark-Landscape~ipad.png in Resources */ = {isa = PBXBuildFile; fileRef = 8026BE9419999A0200FF04BC /* MGWUBackgroundDark-Landscape~ipad.png */; };
		8026BEDB19999A0300FF04BC /* MGWUBackgroundDark-Landscape~iphone.png in Resources */ = {isa = PBXBuildFile; fileRef = 8026BE9519999A0300FF04BC /* MGWUBackgroundDark-Landscape~iphone.png */; };
		8026BEDC19999A0300FF04BC /* MGWUBackgroundDark-Portrait@2x~ipad.png in Resources */ = {isa = PBXBuildFile; fileRef = 8026BE9619999A0300FF04BC /* MGWUBackgroundDark-Portrait@2x~ipad.png */; };
		8026BEDD19999A0300FF04BC /* MGWUBackgroundDark-Portrait@2x~iphone.png in Resources */ = {isa = PBXBuildFile; fileRef = 8026BE9719999A0300FF04BC /* MGWUBackgroundDark-Portrait@2x~iphone.png */; };
		8026BEDE19999A0300FF04BC /* MGWUBackgroundDark-Portrait~ipad.png in Resources */ = {isa = PBXBuildFile; fileRef = 8026BE9819999A0300FF04BC /* MGWUBackgroundDark-Portrait~ipad.png */; };
		8026BEDF19999A0300FF04BC /* MGWUBackgroundDark-Portrait~iphone.png in Resources */ = {isa = PBXBuildFile; fileRef = 8026BE9919999A0300FF04BC /* MGWUBackgroundDark-Portrait~iphone.png */; };
		8026BEE019999A0300FF04BC /* MGWUClose.png in Resources */ = {isa = PBXBuildFile; fileRef = 8026BE9A19999A0300FF04BC /* MGWUClose.png */; };
		8026BEE119999A0300FF04BC /* MGWUClose@2x.png in Resources */ = {isa = PBXBuildFile; fileRef = 8026BE9B19999A0300FF04BC /* MGWUClose@2x.png */; };
		8026BEE219999A0300FF04BC /* MGWUFacebookLoginLandscape.nib in Resources */ = {isa = PBXBuildFile; fileRef = 8026BE9C19999A0300FF04BC /* MGWUFacebookLoginLandscape.nib */; };
		8026BEE319999A0300FF04BC /* MGWUFacebookLoginLandscapeDark.nib in Resources */ = {isa = PBXBuildFile; fileRef = 8026BE9D19999A0300FF04BC /* MGWUFacebookLoginLandscapeDark.nib */; };
		8026BEE419999A0300FF04BC /* MGWUFacebookLoginPortrait.nib in Resources */ = {isa = PBXBuildFile; fileRef = 8026BE9E19999A0300FF04BC /* MGWUFacebookLoginPortrait.nib */; };
		8026BEE519999A0300FF04BC /* MGWUFacebookLoginPortraitDark.nib in Resources */ = {isa = PBXBuildFile; fileRef = 8026BE9F19999A0300FF04BC /* MGWUFacebookLoginPortraitDark.nib */; };
		8026BEE619999A0300FF04BC /* mgwuLogo.png in Resources */ = {isa = PBXBuildFile; fileRef = 8026BEA019999A0300FF04BC /* mgwuLogo.png */; };
		8026BEE719999A0300FF04BC /* mgwuLogo@2x.png in Resources */ = {isa = PBXBuildFile; fileRef = 8026BEA119999A0300FF04BC /* mgwuLogo@2x.png */; };
		8026BEE819999A0300FF04BC /* mgwuLogoDark.png in Resources */ = {isa = PBXBuildFile; fileRef = 8026BEA219999A0300FF04BC /* mgwuLogoDark.png */; };
		8026BEE919999A0300FF04BC /* mgwuLogoDark@2x.png in Resources */ = {isa = PBXBuildFile; fileRef = 8026BEA319999A0300FF04BC /* mgwuLogoDark@2x.png */; };
		8026BEEA19999A0300FF04BC /* mgwuPlaceholderIcon.png in Resources */ = {isa = PBXBuildFile; fileRef = 8026BEA419999A0300FF04BC /* mgwuPlaceholderIcon.png */; };
		8026BEEB19999A0300FF04BC /* mgwuPlaceholderIcon@2x.png in Resources */ = {isa = PBXBuildFile; fileRef = 8026BEA519999A0300FF04BC /* mgwuPlaceholderIcon@2x.png */; };
		8026BEEC19999A0300FF04BC /* mgwuPlaceholderIconDark.png in Resources */ = {isa = PBXBuildFile; fileRef = 8026BEA619999A0300FF04BC /* mgwuPlaceholderIconDark.png */; };
		8026BEED19999A0300FF04BC /* mgwuPlaceholderIconDark@2x.png in Resources */ = {isa = PBXBuildFile; fileRef = 8026BEA719999A0300FF04BC /* mgwuPlaceholderIconDark@2x.png */; };
		8026BEEE19999A0300FF04BC /* operator.available.png in Resources */ = {isa = PBXBuildFile; fileRef = 8026BEA819999A0300FF04BC /* operator.available.png */; };
		8026BEEF19999A0300FF04BC /* operator.connecting.png in Resources */ = {isa = PBXBuildFile; fileRef = 8026BEA919999A0300FF04BC /* operator.connecting.png */; };
		8026BEF019999A0300FF04BC /* operator.unavailable.png in Resources */ = {isa = PBXBuildFile; fileRef = 8026BEAA19999A0300FF04BC /* operator.unavailable.png */; };
		8026BEF119999A0300FF04BC /* send-button-active.png in Resources */ = {isa = PBXBuildFile; fileRef = 8026BEAB19999A0300FF04BC /* send-button-active.png */; };
		8026BEF219999A0300FF04BC /* send-button-inactive.png in Resources */ = {isa = PBXBuildFile; fileRef = 8026BEAC19999A0300FF04BC /* send-button-inactive.png */; };
		8026BEF319999A0300FF04BC /* send-button-instate.png in Resources */ = {isa = PBXBuildFile; fileRef = 8026BEAD19999A0300FF04BC /* send-button-instate.png */; };
		8026BEF419999A0300FF04BC /* send-field-landscape.png in Resources */ = {isa = PBXBuildFile; fileRef = 8026BEAE19999A0300FF04BC /* send-field-landscape.png */; };
		8046A4D8199F01D0001D5206 /* Default~iphone.png in Resources */ = {isa = PBXBuildFile; fileRef = 8046A4D7199F01D0001D5206 /* Default~iphone.png */; };
		8046A4DA199F01ED001D5206 /* Default.png in Resources */ = {isa = PBXBuildFile; fileRef = 8046A4D9199F01ED001D5206 /* Default.png */; };
		806E0ED41992FFA60005FD5B /* tap.m in Sources */ = {isa = PBXBuildFile; fileRef = 806E0ED31992FFA60005FD5B /* tap.m */; };
		806E0EDA1993E3560005FD5B /* Taphere.m in Sources */ = {isa = PBXBuildFile; fileRef = 806E0ED91993E3560005FD5B /* Taphere.m */; };
		806E0EDE1993E3640005FD5B /* Orhere.m in Sources */ = {isa = PBXBuildFile; fileRef = 806E0EDD1993E3640005FD5B /* Orhere.m */; };
		806E0EE1199582BC0005FD5B /* failTutorial.m in Sources */ = {isa = PBXBuildFile; fileRef = 806E0EE0199582BC0005FD5B /* failTutorial.m */; };
		806E0EE4199582D40005FD5B /* passTutorial.m in Sources */ = {isa = PBXBuildFile; fileRef = 806E0EE3199582D40005FD5B /* passTutorial.m */; };
		8074A9A11977444B00835ED3 /* GameOver.m in Sources */ = {isa = PBXBuildFile; fileRef = 8074A9A01977444B00835ED3 /* GameOver.m */; };
		8077C3E2197DAC0500DFF999 /* BeginGame.m in Sources */ = {isa = PBXBuildFile; fileRef = 8077C3E1197DAC0500DFF999 /* BeginGame.m */; };
		8087C53D1986CDB000CB94D9 /* startTri.m in Sources */ = {isa = PBXBuildFile; fileRef = 8087C53C1986CDB000CB94D9 /* startTri.m */; };
		809A2C841991C930007B0184 /* tutorial1.m in Sources */ = {isa = PBXBuildFile; fileRef = 809A2C831991C930007B0184 /* tutorial1.m */; };
		80A020EC19816FFA006E4626 /* BorderLine.m in Sources */ = {isa = PBXBuildFile; fileRef = 80A020EB19816FFA006E4626 /* BorderLine.m */; };
		80A584B4199F78EF00281A41 /* rankingLabel.m in Sources */ = {isa = PBXBuildFile; fileRef = 80A584B3199F78EF00281A41 /* rankingLabel.m */; };
		80A6018E19901D95004C4C0D /* libz.dylib in Frameworks */ = {isa = PBXBuildFile; fileRef = 80A6018D19901D95004C4C0D /* libz.dylib */; };
		80A6019019901DA3004C4C0D /* MessageUI.framework in Frameworks */ = {isa = PBXBuildFile; fileRef = 80A6018F19901DA3004C4C0D /* MessageUI.framework */; };
		80A6019219901DAC004C4C0D /* Social.framework in Frameworks */ = {isa = PBXBuildFile; fileRef = 80A6019119901DAC004C4C0D /* Social.framework */; settings = {ATTRIBUTES = (Weak, ); }; };
		80A6019619901DC3004C4C0D /* SystemConfiguration.framework in Frameworks */ = {isa = PBXBuildFile; fileRef = 80A6019519901DC3004C4C0D /* SystemConfiguration.framework */; };
		80A60198199024E3004C4C0D /* Twitter.framework in Frameworks */ = {isa = PBXBuildFile; fileRef = 80A60197199024E3004C4C0D /* Twitter.framework */; settings = {ATTRIBUTES = (Weak, ); }; };
		80AFFA4F196C4ED700B02012 /* Triangle.m in Sources */ = {isa = PBXBuildFile; fileRef = 80AFFA4E196C4ED700B02012 /* Triangle.m */; };
		80B7270A19B9678B00C305E7 /* mgwuSDK.framework in Frameworks */ = {isa = PBXBuildFile; fileRef = 80B7270519B965A500C305E7 /* mgwuSDK.framework */; };
		80B7270C19B967B100C305E7 /* StoreKit.framework in Frameworks */ = {isa = PBXBuildFile; fileRef = 80B7270B19B967B100C305E7 /* StoreKit.framework */; };
		80CB6DBF1966207600B466BE /* Rectangle.m in Sources */ = {isa = PBXBuildFile; fileRef = 80CB6DBE1966207600B466BE /* Rectangle.m */; };
		80D58BD019A59891005A33C5 /* Default-568h@2x.png in Resources */ = {isa = PBXBuildFile; fileRef = 80D58BCF19A59891005A33C5 /* Default-568h@2x.png */; };
		80F7F6FF1992BC43000C047B /* GameOverLoose.m in Sources */ = {isa = PBXBuildFile; fileRef = 80F7F6FE1992BC43000C047B /* GameOverLoose.m */; };
		8392007A18EE8E3300B6C429 /* GLKit.framework in Frameworks */ = {isa = PBXBuildFile; fileRef = 8392007918EE8E3300B6C429 /* GLKit.framework */; };
		B737893B180761570076A88C /* Published-iOS in Resources */ = {isa = PBXBuildFile; fileRef = B737893A180761570076A88C /* Published-iOS */; };
		B73789871807631A0076A88C /* main.m in Sources */ = {isa = PBXBuildFile; fileRef = B73789851807631A0076A88C /* main.m */; };
		B737898A1807642B0076A88C /* libcocos2d.a in Frameworks */ = {isa = PBXBuildFile; fileRef = B737894B180761A90076A88C /* libcocos2d.a */; };
		B7378994180767190076A88C /* MainScene.m in Sources */ = {isa = PBXBuildFile; fileRef = B7378993180767190076A88C /* MainScene.m */; };
		B77F1B3217B978D7009739AE /* QuartzCore.framework in Frameworks */ = {isa = PBXBuildFile; fileRef = B77F1B3117B978D7009739AE /* QuartzCore.framework */; };
		B77F1B3417B978D7009739AE /* OpenGLES.framework in Frameworks */ = {isa = PBXBuildFile; fileRef = B77F1B3317B978D7009739AE /* OpenGLES.framework */; };
		B77F1B3617B978D7009739AE /* OpenAL.framework in Frameworks */ = {isa = PBXBuildFile; fileRef = B77F1B3517B978D7009739AE /* OpenAL.framework */; };
		B77F1B3817B978D7009739AE /* AudioToolbox.framework in Frameworks */ = {isa = PBXBuildFile; fileRef = B77F1B3717B978D7009739AE /* AudioToolbox.framework */; };
		B77F1B3A17B978D7009739AE /* AVFoundation.framework in Frameworks */ = {isa = PBXBuildFile; fileRef = B77F1B3917B978D7009739AE /* AVFoundation.framework */; };
		B77F1B3C17B978D7009739AE /* UIKit.framework in Frameworks */ = {isa = PBXBuildFile; fileRef = B77F1B3B17B978D7009739AE /* UIKit.framework */; };
		B77F1B3E17B978D7009739AE /* Foundation.framework in Frameworks */ = {isa = PBXBuildFile; fileRef = B77F1B3D17B978D7009739AE /* Foundation.framework */; };
		B77F1B4017B978D7009739AE /* CoreGraphics.framework in Frameworks */ = {isa = PBXBuildFile; fileRef = B77F1B3F17B978D7009739AE /* CoreGraphics.framework */; };
		B77F1B4217B978D7009739AE /* CoreText.framework in Frameworks */ = {isa = PBXBuildFile; fileRef = B77F1B4117B978D7009739AE /* CoreText.framework */; };
/* End PBXBuildFile section */

/* Begin PBXContainerItemProxy section */
		B737894A180761A90076A88C /* PBXContainerItemProxy */ = {
			isa = PBXContainerItemProxy;
			containerPortal = B7378940180761A80076A88C /* cocos2d-ios.xcodeproj */;
			proxyType = 2;
			remoteGlobalIDString = 5018F24D0DFDEAC400C013A5;
			remoteInfo = cocos2d;
		};
		B7378988180764180076A88C /* PBXContainerItemProxy */ = {
			isa = PBXContainerItemProxy;
			containerPortal = B7378940180761A80076A88C /* cocos2d-ios.xcodeproj */;
			proxyType = 1;
			remoteGlobalIDString = 5018F24C0DFDEAC400C013A5;
			remoteInfo = cocos2d;
		};
/* End PBXContainerItemProxy section */

/* Begin PBXFileReference section */
		800FFDD6199A87730062AA13 /* leaderboardScreen.h */ = {isa = PBXFileReference; fileEncoding = 4; lastKnownFileType = sourcecode.c.h; path = leaderboardScreen.h; sourceTree = "<group>"; };
		800FFDD7199A87730062AA13 /* leaderboardScreen.m */ = {isa = PBXFileReference; fileEncoding = 4; lastKnownFileType = sourcecode.c.objc; path = leaderboardScreen.m; sourceTree = "<group>"; };
		800FFDDA199AB0C50062AA13 /* LBRow.h */ = {isa = PBXFileReference; fileEncoding = 4; lastKnownFileType = sourcecode.c.h; path = LBRow.h; sourceTree = "<group>"; };
		800FFDDB199AB0C50062AA13 /* LBRow.m */ = {isa = PBXFileReference; fileEncoding = 4; lastKnownFileType = sourcecode.c.objc; path = LBRow.m; sourceTree = "<group>"; };
		801BCE48199D22F700667EB3 /* LBButton.h */ = {isa = PBXFileReference; fileEncoding = 4; lastKnownFileType = sourcecode.c.h; path = LBButton.h; sourceTree = "<group>"; };
		801BCE49199D22F800667EB3 /* LBButton.m */ = {isa = PBXFileReference; fileEncoding = 4; lastKnownFileType = sourcecode.c.objc; path = LBButton.m; sourceTree = "<group>"; };
		801BCE4B199DA2F200667EB3 /* Images.xcassets */ = {isa = PBXFileReference; lastKnownFileType = folder.assetcatalog; name = Images.xcassets; path = rectsiPhoneGame/Images.xcassets; sourceTree = SOURCE_ROOT; };
		801BCE5D199DAA4100667EB3 /* Icon-72.png */ = {isa = PBXFileReference; lastKnownFileType = image.png; path = "Icon-72.png"; sourceTree = "<group>"; };
		801BCE5E199DAA4100667EB3 /* Icon-72@2x.png */ = {isa = PBXFileReference; lastKnownFileType = image.png; path = "Icon-72@2x.png"; sourceTree = "<group>"; };
		801BCE5F199DAA4100667EB3 /* Icon-Small-50.png */ = {isa = PBXFileReference; lastKnownFileType = image.png; path = "Icon-Small-50.png"; sourceTree = "<group>"; };
		801BCE60199DAA4100667EB3 /* Icon-Small-50@2x.png */ = {isa = PBXFileReference; lastKnownFileType = image.png; path = "Icon-Small-50@2x.png"; sourceTree = "<group>"; };
		801BCE61199DAA4100667EB3 /* Icon-Small.png */ = {isa = PBXFileReference; lastKnownFileType = image.png; path = "Icon-Small.png"; sourceTree = "<group>"; };
		801BCE62199DAA4100667EB3 /* Icon-Small@2x.png */ = {isa = PBXFileReference; lastKnownFileType = image.png; path = "Icon-Small@2x.png"; sourceTree = "<group>"; };
		801BCE63199DAA4100667EB3 /* Icon.png */ = {isa = PBXFileReference; lastKnownFileType = image.png; path = Icon.png; sourceTree = "<group>"; };
		801BCE64199DAA4100667EB3 /* Icon@2x.png */ = {isa = PBXFileReference; lastKnownFileType = image.png; path = "Icon@2x.png"; sourceTree = "<group>"; };
		801BCE65199DAA4100667EB3 /* iTunesArtwork.png */ = {isa = PBXFileReference; lastKnownFileType = image.png; path = iTunesArtwork.png; sourceTree = "<group>"; };
		801BCE66199DAA4100667EB3 /* iTunesArtwork@2x.png */ = {isa = PBXFileReference; lastKnownFileType = image.png; path = "iTunesArtwork@2x.png"; sourceTree = "<group>"; };
		801BCE68199DAA4100667EB3 /* Icon-40.png */ = {isa = PBXFileReference; lastKnownFileType = image.png; path = "Icon-40.png"; sourceTree = "<group>"; };
		801BCE69199DAA4100667EB3 /* Icon-40@2x.png */ = {isa = PBXFileReference; lastKnownFileType = image.png; path = "Icon-40@2x.png"; sourceTree = "<group>"; };
		801BCE6A199DAA4100667EB3 /* Icon-60.png */ = {isa = PBXFileReference; lastKnownFileType = image.png; path = "Icon-60.png"; sourceTree = "<group>"; };
		801BCE6B199DAA4100667EB3 /* Icon-60@2x.png */ = {isa = PBXFileReference; lastKnownFileType = image.png; path = "Icon-60@2x.png"; sourceTree = "<group>"; };
		801BCE6C199DAA4100667EB3 /* Icon-72.png */ = {isa = PBXFileReference; lastKnownFileType = image.png; path = "Icon-72.png"; sourceTree = "<group>"; };
		801BCE6D199DAA4100667EB3 /* Icon-72@2x.png */ = {isa = PBXFileReference; lastKnownFileType = image.png; path = "Icon-72@2x.png"; sourceTree = "<group>"; };
		801BCE6E199DAA4100667EB3 /* Icon-76.png */ = {isa = PBXFileReference; lastKnownFileType = image.png; path = "Icon-76.png"; sourceTree = "<group>"; };
		801BCE6F199DAA4100667EB3 /* Icon-76@2x.png */ = {isa = PBXFileReference; lastKnownFileType = image.png; path = "Icon-76@2x.png"; sourceTree = "<group>"; };
		801BCE70199DAA4100667EB3 /* Icon-Small-50.png */ = {isa = PBXFileReference; lastKnownFileType = image.png; path = "Icon-Small-50.png"; sourceTree = "<group>"; };
		801BCE71199DAA4100667EB3 /* Icon-Small-50@2x.png */ = {isa = PBXFileReference; lastKnownFileType = image.png; path = "Icon-Small-50@2x.png"; sourceTree = "<group>"; };
		801BCE72199DAA4100667EB3 /* Icon-Small.png */ = {isa = PBXFileReference; lastKnownFileType = image.png; path = "Icon-Small.png"; sourceTree = "<group>"; };
		801BCE73199DAA4100667EB3 /* Icon-Small@2x.png */ = {isa = PBXFileReference; lastKnownFileType = image.png; path = "Icon-Small@2x.png"; sourceTree = "<group>"; };
		801BCE74199DAA4100667EB3 /* Icon.png */ = {isa = PBXFileReference; lastKnownFileType = image.png; path = Icon.png; sourceTree = "<group>"; };
		801BCE75199DAA4100667EB3 /* Icon@2x.png */ = {isa = PBXFileReference; lastKnownFileType = image.png; path = "Icon@2x.png"; sourceTree = "<group>"; };
		801BCE76199DAA4100667EB3 /* iTunesArtwork.png */ = {isa = PBXFileReference; lastKnownFileType = image.png; path = iTunesArtwork.png; sourceTree = "<group>"; };
		801BCE77199DAA4100667EB3 /* iTunesArtwork@2x.png */ = {isa = PBXFileReference; lastKnownFileType = image.png; path = "iTunesArtwork@2x.png"; sourceTree = "<group>"; };
		801BCE98199DAB4B00667EB3 /* Images-2.xcassets */ = {isa = PBXFileReference; lastKnownFileType = folder.assetcatalog; name = "Images-2.xcassets"; path = "rectsiPhoneGame/Images-2.xcassets"; sourceTree = SOURCE_ROOT; };
		801D5ABB19915D1900116FE5 /* AppDelegate.m */ = {isa = PBXFileReference; fileEncoding = 4; lastKnownFileType = sourcecode.c.objc; name = AppDelegate.m; path = Source/AppDelegate.m; sourceTree = SOURCE_ROOT; };
		80220FDF196DCF82006CC5D3 /* ShapeGrow.h */ = {isa = PBXFileReference; fileEncoding = 4; lastKnownFileType = sourcecode.c.h; path = ShapeGrow.h; sourceTree = "<group>"; };
		80220FE0196DCF82006CC5D3 /* ShapeGrow.m */ = {isa = PBXFileReference; fileEncoding = 4; lastKnownFileType = sourcecode.c.objc; path = ShapeGrow.m; sourceTree = "<group>"; };
		8026BE6819999A0200FF04BC /* mgwuSDK.framework */ = {isa = PBXFileReference; lastKnownFileType = wrapper.framework; path = mgwuSDK.framework; sourceTree = "<group>"; };
		8026BE6A19999A0200FF04BC /* aqua.png */ = {isa = PBXFileReference; lastKnownFileType = image.png; path = aqua.png; sourceTree = "<group>"; };
		8026BE6B19999A0200FF04BC /* bluechatbubble.png */ = {isa = PBXFileReference; lastKnownFileType = image.png; path = bluechatbubble.png; sourceTree = "<group>"; };
		8026BE6C19999A0200FF04BC /* CrossPromoViewController.nib */ = {isa = PBXFileReference; lastKnownFileType = file.bplist; path = CrossPromoViewController.nib; sourceTree = "<group>"; };
		8026BE6D19999A0200FF04BC /* FacebookIcon.png */ = {isa = PBXFileReference; lastKnownFileType = image.png; path = FacebookIcon.png; sourceTree = "<group>"; };
		8026BE6E19999A0200FF04BC /* fb_connect.png */ = {isa = PBXFileReference; lastKnownFileType = image.png; path = fb_connect.png; sourceTree = "<group>"; };
		8026BE6F19999A0200FF04BC /* FBLoginButton.png */ = {isa = PBXFileReference; lastKnownFileType = image.png; path = FBLoginButton.png; sourceTree = "<group>"; };
		8026BE7019999A0200FF04BC /* FBLoginButton@2x.png */ = {isa = PBXFileReference; lastKnownFileType = image.png; path = "FBLoginButton@2x.png"; sourceTree = "<group>"; };
		8026BE7119999A0200FF04BC /* FBLoginButtonPressed.png */ = {isa = PBXFileReference; lastKnownFileType = image.png; path = FBLoginButtonPressed.png; sourceTree = "<group>"; };
		8026BE7219999A0200FF04BC /* FBLoginButtonPressed@2x.png */ = {isa = PBXFileReference; lastKnownFileType = image.png; path = "FBLoginButtonPressed@2x.png"; sourceTree = "<group>"; };
		8026BE7319999A0200FF04BC /* FBNoThanksButton.png */ = {isa = PBXFileReference; lastKnownFileType = image.png; path = FBNoThanksButton.png; sourceTree = "<group>"; };
		8026BE7419999A0200FF04BC /* FBNoThanksButton@2x.png */ = {isa = PBXFileReference; lastKnownFileType = image.png; path = "FBNoThanksButton@2x.png"; sourceTree = "<group>"; };
		8026BE7519999A0200FF04BC /* FBNoThanksButtonPressed.png */ = {isa = PBXFileReference; lastKnownFileType = image.png; path = FBNoThanksButtonPressed.png; sourceTree = "<group>"; };
		8026BE7619999A0200FF04BC /* FBNoThanksButtonPressed@2x.png */ = {isa = PBXFileReference; lastKnownFileType = image.png; path = "FBNoThanksButtonPressed@2x.png"; sourceTree = "<group>"; };
		8026BE7719999A0200FF04BC /* green.png */ = {isa = PBXFileReference; lastKnownFileType = image.png; path = green.png; sourceTree = "<group>"; };
		8026BE7819999A0200FF04BC /* grey-background.png */ = {isa = PBXFileReference; lastKnownFileType = image.png; path = "grey-background.png"; sourceTree = "<group>"; };
		8026BE7919999A0200FF04BC /* hipmob.back.btn.png */ = {isa = PBXFileReference; lastKnownFileType = image.png; path = hipmob.back.btn.png; sourceTree = "<group>"; };
		8026BE7A19999A0200FF04BC /* hipmob.send.png */ = {isa = PBXFileReference; lastKnownFileType = image.png; path = hipmob.send.png; sourceTree = "<group>"; };
		8026BE7B19999A0200FF04BC /* hipmobsend_field.png */ = {isa = PBXFileReference; lastKnownFileType = image.png; path = hipmobsend_field.png; sourceTree = "<group>"; };
		8026BE7C19999A0200FF04BC /* hipmobsend_field@2x.png */ = {isa = PBXFileReference; lastKnownFileType = image.png; path = "hipmobsend_field@2x.png"; sourceTree = "<group>"; };
		8026BE7D19999A0200FF04BC /* mgwu-gk-notification.png */ = {isa = PBXFileReference; lastKnownFileType = image.png; path = "mgwu-gk-notification.png"; sourceTree = "<group>"; };
		8026BE7E19999A0200FF04BC /* mgwu-gk-notification@2x.png */ = {isa = PBXFileReference; lastKnownFileType = image.png; path = "mgwu-gk-notification@2x.png"; sourceTree = "<group>"; };
		8026BE7F19999A0200FF04BC /* mgwu-m.png */ = {isa = PBXFileReference; lastKnownFileType = image.png; path = "mgwu-m.png"; sourceTree = "<group>"; };
		8026BE8019999A0200FF04BC /* mgwu-m@2x.png */ = {isa = PBXFileReference; lastKnownFileType = image.png; path = "mgwu-m@2x.png"; sourceTree = "<group>"; };
		8026BE8119999A0200FF04BC /* MGWUAboutFooter-Landscape-568h@2x~iphone.png */ = {isa = PBXFileReference; lastKnownFileType = image.png; path = "MGWUAboutFooter-Landscape-568h@2x~iphone.png"; sourceTree = "<group>"; };
		8026BE8219999A0200FF04BC /* MGWUAboutFooter-Landscape@2x~ipad.png */ = {isa = PBXFileReference; lastKnownFileType = image.png; path = "MGWUAboutFooter-Landscape@2x~ipad.png"; sourceTree = "<group>"; };
		8026BE8319999A0200FF04BC /* MGWUAboutFooter-Landscape@2x~iphone.png */ = {isa = PBXFileReference; lastKnownFileType = image.png; path = "MGWUAboutFooter-Landscape@2x~iphone.png"; sourceTree = "<group>"; };
		8026BE8419999A0200FF04BC /* MGWUAboutFooter-Landscape~ipad.png */ = {isa = PBXFileReference; lastKnownFileType = image.png; path = "MGWUAboutFooter-Landscape~ipad.png"; sourceTree = "<group>"; };
		8026BE8519999A0200FF04BC /* MGWUAboutFooter-Landscape~iphone.png */ = {isa = PBXFileReference; lastKnownFileType = image.png; path = "MGWUAboutFooter-Landscape~iphone.png"; sourceTree = "<group>"; };
		8026BE8619999A0200FF04BC /* MGWUAboutFooter-Portrait@2x~ipad.png */ = {isa = PBXFileReference; lastKnownFileType = image.png; path = "MGWUAboutFooter-Portrait@2x~ipad.png"; sourceTree = "<group>"; };
		8026BE8719999A0200FF04BC /* MGWUAboutFooter-Portrait@2x~iphone.png */ = {isa = PBXFileReference; lastKnownFileType = image.png; path = "MGWUAboutFooter-Portrait@2x~iphone.png"; sourceTree = "<group>"; };
		8026BE8819999A0200FF04BC /* MGWUAboutFooter-Portrait~ipad.png */ = {isa = PBXFileReference; lastKnownFileType = image.png; path = "MGWUAboutFooter-Portrait~ipad.png"; sourceTree = "<group>"; };
		8026BE8919999A0200FF04BC /* MGWUAboutFooter-Portrait~iphone.png */ = {isa = PBXFileReference; lastKnownFileType = image.png; path = "MGWUAboutFooter-Portrait~iphone.png"; sourceTree = "<group>"; };
		8026BE8A19999A0200FF04BC /* MGWUBackground-Landscape@2x~ipad.png */ = {isa = PBXFileReference; lastKnownFileType = image.png; path = "MGWUBackground-Landscape@2x~ipad.png"; sourceTree = "<group>"; };
		8026BE8B19999A0200FF04BC /* MGWUBackground-Landscape@2x~iphone.png */ = {isa = PBXFileReference; lastKnownFileType = image.png; path = "MGWUBackground-Landscape@2x~iphone.png"; sourceTree = "<group>"; };
		8026BE8C19999A0200FF04BC /* MGWUBackground-Landscape~ipad.png */ = {isa = PBXFileReference; lastKnownFileType = image.png; path = "MGWUBackground-Landscape~ipad.png"; sourceTree = "<group>"; };
		8026BE8D19999A0200FF04BC /* MGWUBackground-Landscape~iphone.png */ = {isa = PBXFileReference; lastKnownFileType = image.png; path = "MGWUBackground-Landscape~iphone.png"; sourceTree = "<group>"; };
		8026BE8E19999A0200FF04BC /* MGWUBackground-Portrait@2x~ipad.png */ = {isa = PBXFileReference; lastKnownFileType = image.png; path = "MGWUBackground-Portrait@2x~ipad.png"; sourceTree = "<group>"; };
		8026BE8F19999A0200FF04BC /* MGWUBackground-Portrait@2x~iphone.png */ = {isa = PBXFileReference; lastKnownFileType = image.png; path = "MGWUBackground-Portrait@2x~iphone.png"; sourceTree = "<group>"; };
		8026BE9019999A0200FF04BC /* MGWUBackground-Portrait~ipad.png */ = {isa = PBXFileReference; lastKnownFileType = image.png; path = "MGWUBackground-Portrait~ipad.png"; sourceTree = "<group>"; };
		8026BE9119999A0200FF04BC /* MGWUBackground-Portrait~iphone.png */ = {isa = PBXFileReference; lastKnownFileType = image.png; path = "MGWUBackground-Portrait~iphone.png"; sourceTree = "<group>"; };
		8026BE9219999A0200FF04BC /* MGWUBackgroundDark-Landscape@2x~ipad.png */ = {isa = PBXFileReference; lastKnownFileType = image.png; path = "MGWUBackgroundDark-Landscape@2x~ipad.png"; sourceTree = "<group>"; };
		8026BE9319999A0200FF04BC /* MGWUBackgroundDark-Landscape@2x~iphone.png */ = {isa = PBXFileReference; lastKnownFileType = image.png; path = "MGWUBackgroundDark-Landscape@2x~iphone.png"; sourceTree = "<group>"; };
		8026BE9419999A0200FF04BC /* MGWUBackgroundDark-Landscape~ipad.png */ = {isa = PBXFileReference; lastKnownFileType = image.png; path = "MGWUBackgroundDark-Landscape~ipad.png"; sourceTree = "<group>"; };
		8026BE9519999A0300FF04BC /* MGWUBackgroundDark-Landscape~iphone.png */ = {isa = PBXFileReference; lastKnownFileType = image.png; path = "MGWUBackgroundDark-Landscape~iphone.png"; sourceTree = "<group>"; };
		8026BE9619999A0300FF04BC /* MGWUBackgroundDark-Portrait@2x~ipad.png */ = {isa = PBXFileReference; lastKnownFileType = image.png; path = "MGWUBackgroundDark-Portrait@2x~ipad.png"; sourceTree = "<group>"; };
		8026BE9719999A0300FF04BC /* MGWUBackgroundDark-Portrait@2x~iphone.png */ = {isa = PBXFileReference; lastKnownFileType = image.png; path = "MGWUBackgroundDark-Portrait@2x~iphone.png"; sourceTree = "<group>"; };
		8026BE9819999A0300FF04BC /* MGWUBackgroundDark-Portrait~ipad.png */ = {isa = PBXFileReference; lastKnownFileType = image.png; path = "MGWUBackgroundDark-Portrait~ipad.png"; sourceTree = "<group>"; };
		8026BE9919999A0300FF04BC /* MGWUBackgroundDark-Portrait~iphone.png */ = {isa = PBXFileReference; lastKnownFileType = image.png; path = "MGWUBackgroundDark-Portrait~iphone.png"; sourceTree = "<group>"; };
		8026BE9A19999A0300FF04BC /* MGWUClose.png */ = {isa = PBXFileReference; lastKnownFileType = image.png; path = MGWUClose.png; sourceTree = "<group>"; };
		8026BE9B19999A0300FF04BC /* MGWUClose@2x.png */ = {isa = PBXFileReference; lastKnownFileType = image.png; path = "MGWUClose@2x.png"; sourceTree = "<group>"; };
		8026BE9C19999A0300FF04BC /* MGWUFacebookLoginLandscape.nib */ = {isa = PBXFileReference; lastKnownFileType = file.bplist; path = MGWUFacebookLoginLandscape.nib; sourceTree = "<group>"; };
		8026BE9D19999A0300FF04BC /* MGWUFacebookLoginLandscapeDark.nib */ = {isa = PBXFileReference; lastKnownFileType = file.bplist; path = MGWUFacebookLoginLandscapeDark.nib; sourceTree = "<group>"; };
		8026BE9E19999A0300FF04BC /* MGWUFacebookLoginPortrait.nib */ = {isa = PBXFileReference; lastKnownFileType = file.bplist; path = MGWUFacebookLoginPortrait.nib; sourceTree = "<group>"; };
		8026BE9F19999A0300FF04BC /* MGWUFacebookLoginPortraitDark.nib */ = {isa = PBXFileReference; lastKnownFileType = file.bplist; path = MGWUFacebookLoginPortraitDark.nib; sourceTree = "<group>"; };
		8026BEA019999A0300FF04BC /* mgwuLogo.png */ = {isa = PBXFileReference; lastKnownFileType = image.png; path = mgwuLogo.png; sourceTree = "<group>"; };
		8026BEA119999A0300FF04BC /* mgwuLogo@2x.png */ = {isa = PBXFileReference; lastKnownFileType = image.png; path = "mgwuLogo@2x.png"; sourceTree = "<group>"; };
		8026BEA219999A0300FF04BC /* mgwuLogoDark.png */ = {isa = PBXFileReference; lastKnownFileType = image.png; path = mgwuLogoDark.png; sourceTree = "<group>"; };
		8026BEA319999A0300FF04BC /* mgwuLogoDark@2x.png */ = {isa = PBXFileReference; lastKnownFileType = image.png; path = "mgwuLogoDark@2x.png"; sourceTree = "<group>"; };
		8026BEA419999A0300FF04BC /* mgwuPlaceholderIcon.png */ = {isa = PBXFileReference; lastKnownFileType = image.png; path = mgwuPlaceholderIcon.png; sourceTree = "<group>"; };
		8026BEA519999A0300FF04BC /* mgwuPlaceholderIcon@2x.png */ = {isa = PBXFileReference; lastKnownFileType = image.png; path = "mgwuPlaceholderIcon@2x.png"; sourceTree = "<group>"; };
		8026BEA619999A0300FF04BC /* mgwuPlaceholderIconDark.png */ = {isa = PBXFileReference; lastKnownFileType = image.png; path = mgwuPlaceholderIconDark.png; sourceTree = "<group>"; };
		8026BEA719999A0300FF04BC /* mgwuPlaceholderIconDark@2x.png */ = {isa = PBXFileReference; lastKnownFileType = image.png; path = "mgwuPlaceholderIconDark@2x.png"; sourceTree = "<group>"; };
		8026BEA819999A0300FF04BC /* operator.available.png */ = {isa = PBXFileReference; lastKnownFileType = image.png; path = operator.available.png; sourceTree = "<group>"; };
		8026BEA919999A0300FF04BC /* operator.connecting.png */ = {isa = PBXFileReference; lastKnownFileType = image.png; path = operator.connecting.png; sourceTree = "<group>"; };
		8026BEAA19999A0300FF04BC /* operator.unavailable.png */ = {isa = PBXFileReference; lastKnownFileType = image.png; path = operator.unavailable.png; sourceTree = "<group>"; };
		8026BEAB19999A0300FF04BC /* send-button-active.png */ = {isa = PBXFileReference; lastKnownFileType = image.png; path = "send-button-active.png"; sourceTree = "<group>"; };
		8026BEAC19999A0300FF04BC /* send-button-inactive.png */ = {isa = PBXFileReference; lastKnownFileType = image.png; path = "send-button-inactive.png"; sourceTree = "<group>"; };
		8026BEAD19999A0300FF04BC /* send-button-instate.png */ = {isa = PBXFileReference; lastKnownFileType = image.png; path = "send-button-instate.png"; sourceTree = "<group>"; };
		8026BEAE19999A0300FF04BC /* send-field-landscape.png */ = {isa = PBXFileReference; lastKnownFileType = image.png; path = "send-field-landscape.png"; sourceTree = "<group>"; };
		8046A4D7199F01D0001D5206 /* Default~iphone.png */ = {isa = PBXFileReference; lastKnownFileType = image.png; path = "Default~iphone.png"; sourceTree = "<group>"; };
		8046A4D9199F01ED001D5206 /* Default.png */ = {isa = PBXFileReference; lastKnownFileType = image.png; path = Default.png; sourceTree = "<group>"; };
		806E0ED21992FFA60005FD5B /* tap.h */ = {isa = PBXFileReference; fileEncoding = 4; lastKnownFileType = sourcecode.c.h; path = tap.h; sourceTree = "<group>"; };
		806E0ED31992FFA60005FD5B /* tap.m */ = {isa = PBXFileReference; fileEncoding = 4; lastKnownFileType = sourcecode.c.objc; path = tap.m; sourceTree = "<group>"; };
		806E0ED81993E3560005FD5B /* Taphere.h */ = {isa = PBXFileReference; fileEncoding = 4; lastKnownFileType = sourcecode.c.h; path = Taphere.h; sourceTree = "<group>"; };
		806E0ED91993E3560005FD5B /* Taphere.m */ = {isa = PBXFileReference; fileEncoding = 4; lastKnownFileType = sourcecode.c.objc; path = Taphere.m; sourceTree = "<group>"; };
		806E0EDC1993E3640005FD5B /* Orhere.h */ = {isa = PBXFileReference; fileEncoding = 4; lastKnownFileType = sourcecode.c.h; path = Orhere.h; sourceTree = "<group>"; };
		806E0EDD1993E3640005FD5B /* Orhere.m */ = {isa = PBXFileReference; fileEncoding = 4; lastKnownFileType = sourcecode.c.objc; path = Orhere.m; sourceTree = "<group>"; };
		806E0EDF199582BC0005FD5B /* failTutorial.h */ = {isa = PBXFileReference; fileEncoding = 4; lastKnownFileType = sourcecode.c.h; path = failTutorial.h; sourceTree = "<group>"; };
		806E0EE0199582BC0005FD5B /* failTutorial.m */ = {isa = PBXFileReference; fileEncoding = 4; lastKnownFileType = sourcecode.c.objc; path = failTutorial.m; sourceTree = "<group>"; };
		806E0EE2199582D40005FD5B /* passTutorial.h */ = {isa = PBXFileReference; fileEncoding = 4; lastKnownFileType = sourcecode.c.h; path = passTutorial.h; sourceTree = "<group>"; };
		806E0EE3199582D40005FD5B /* passTutorial.m */ = {isa = PBXFileReference; fileEncoding = 4; lastKnownFileType = sourcecode.c.objc; path = passTutorial.m; sourceTree = "<group>"; };
		8074A99F1977444B00835ED3 /* GameOver.h */ = {isa = PBXFileReference; fileEncoding = 4; lastKnownFileType = sourcecode.c.h; path = GameOver.h; sourceTree = "<group>"; };
		8074A9A01977444B00835ED3 /* GameOver.m */ = {isa = PBXFileReference; fileEncoding = 4; lastKnownFileType = sourcecode.c.objc; path = GameOver.m; sourceTree = "<group>"; };
		8077C3E0197DAC0500DFF999 /* BeginGame.h */ = {isa = PBXFileReference; fileEncoding = 4; lastKnownFileType = sourcecode.c.h; path = BeginGame.h; sourceTree = "<group>"; };
		8077C3E1197DAC0500DFF999 /* BeginGame.m */ = {isa = PBXFileReference; fileEncoding = 4; lastKnownFileType = sourcecode.c.objc; path = BeginGame.m; sourceTree = "<group>"; };
		8087C53B1986CDB000CB94D9 /* startTri.h */ = {isa = PBXFileReference; fileEncoding = 4; lastKnownFileType = sourcecode.c.h; path = startTri.h; sourceTree = "<group>"; };
		8087C53C1986CDB000CB94D9 /* startTri.m */ = {isa = PBXFileReference; fileEncoding = 4; lastKnownFileType = sourcecode.c.objc; path = startTri.m; sourceTree = "<group>"; };
		809A2C821991C930007B0184 /* tutorial1.h */ = {isa = PBXFileReference; fileEncoding = 4; lastKnownFileType = sourcecode.c.h; path = tutorial1.h; sourceTree = "<group>"; };
		809A2C831991C930007B0184 /* tutorial1.m */ = {isa = PBXFileReference; fileEncoding = 4; lastKnownFileType = sourcecode.c.objc; path = tutorial1.m; sourceTree = "<group>"; };
		80A020EA19816FFA006E4626 /* BorderLine.h */ = {isa = PBXFileReference; fileEncoding = 4; lastKnownFileType = sourcecode.c.h; path = BorderLine.h; sourceTree = "<group>"; };
		80A020EB19816FFA006E4626 /* BorderLine.m */ = {isa = PBXFileReference; fileEncoding = 4; lastKnownFileType = sourcecode.c.objc; path = BorderLine.m; sourceTree = "<group>"; };
		80A584B2199F78EF00281A41 /* rankingLabel.h */ = {isa = PBXFileReference; fileEncoding = 4; lastKnownFileType = sourcecode.c.h; path = rankingLabel.h; sourceTree = "<group>"; };
		80A584B3199F78EF00281A41 /* rankingLabel.m */ = {isa = PBXFileReference; fileEncoding = 4; lastKnownFileType = sourcecode.c.objc; path = rankingLabel.m; sourceTree = "<group>"; };
		80A6018D19901D95004C4C0D /* libz.dylib */ = {isa = PBXFileReference; lastKnownFileType = "compiled.mach-o.dylib"; name = libz.dylib; path = usr/lib/libz.dylib; sourceTree = SDKROOT; };
		80A6018F19901DA3004C4C0D /* MessageUI.framework */ = {isa = PBXFileReference; lastKnownFileType = wrapper.framework; name = MessageUI.framework; path = System/Library/Frameworks/MessageUI.framework; sourceTree = SDKROOT; };
		80A6019119901DAC004C4C0D /* Social.framework */ = {isa = PBXFileReference; lastKnownFileType = wrapper.framework; name = Social.framework; path = System/Library/Frameworks/Social.framework; sourceTree = SDKROOT; };
		80A6019519901DC3004C4C0D /* SystemConfiguration.framework */ = {isa = PBXFileReference; lastKnownFileType = wrapper.framework; name = SystemConfiguration.framework; path = System/Library/Frameworks/SystemConfiguration.framework; sourceTree = SDKROOT; };
		80A60197199024E3004C4C0D /* Twitter.framework */ = {isa = PBXFileReference; lastKnownFileType = wrapper.framework; name = Twitter.framework; path = System/Library/Frameworks/Twitter.framework; sourceTree = SDKROOT; };
		80AFFA4D196C4ED700B02012 /* Triangle.h */ = {isa = PBXFileReference; fileEncoding = 4; lastKnownFileType = sourcecode.c.h; path = Triangle.h; sourceTree = "<group>"; };
		80AFFA4E196C4ED700B02012 /* Triangle.m */ = {isa = PBXFileReference; fileEncoding = 4; lastKnownFileType = sourcecode.c.objc; path = Triangle.m; sourceTree = "<group>"; };
		80B726F919B9493500C305E7 /* FacebookSDK.framework */ = {isa = PBXFileReference; lastKnownFileType = wrapper.framework; name = FacebookSDK.framework; path = ../../../Documents/FacebookSDK/FacebookSDK.framework; sourceTree = "<group>"; };
		80B726FC19B94A2200C305E7 /* facebook-ios-sdk-3.18.pkg */ = {isa = PBXFileReference; lastKnownFileType = file; name = "facebook-ios-sdk-3.18.pkg"; path = "../../../Downloads/facebook-ios-sdk-3.18.pkg"; sourceTree = "<group>"; };
		80B726FF19B94D7800C305E7 /* Bolts.framework */ = {isa = PBXFileReference; lastKnownFileType = wrapper.framework; name = Bolts.framework; path = ../../../Documents/FacebookSDK/Bolts.framework; sourceTree = "<group>"; };
		80B7270319B9657700C305E7 /* mgwuSDK.framework */ = {isa = PBXFileReference; lastKnownFileType = wrapper.framework; name = mgwuSDK.framework; path = "../../mgwuSDK-master 2/mgwuSDK.embeddedframework/mgwuSDK.framework"; sourceTree = "<group>"; };
		80B7270519B965A500C305E7 /* mgwuSDK.framework */ = {isa = PBXFileReference; lastKnownFileType = wrapper.framework; name = mgwuSDK.framework; path = "../../mgwuSDK-master/mgwuSDK.embeddedframework/mgwuSDK.framework"; sourceTree = "<group>"; };
		80B7270B19B967B100C305E7 /* StoreKit.framework */ = {isa = PBXFileReference; lastKnownFileType = wrapper.framework; name = StoreKit.framework; path = System/Library/Frameworks/StoreKit.framework; sourceTree = SDKROOT; };
		80CB6DBD1966207600B466BE /* Rectangle.h */ = {isa = PBXFileReference; fileEncoding = 4; lastKnownFileType = sourcecode.c.h; name = Rectangle.h; path = Source/Rectangle.h; sourceTree = "<group>"; };
		80CB6DBE1966207600B466BE /* Rectangle.m */ = {isa = PBXFileReference; fileEncoding = 4; lastKnownFileType = sourcecode.c.objc; name = Rectangle.m; path = Source/Rectangle.m; sourceTree = "<group>"; };
		80D58BCF19A59891005A33C5 /* Default-568h@2x.png */ = {isa = PBXFileReference; lastKnownFileType = image.png; path = "Default-568h@2x.png"; sourceTree = "<group>"; };
		80F7F6FD1992BC43000C047B /* GameOverLoose.h */ = {isa = PBXFileReference; fileEncoding = 4; lastKnownFileType = sourcecode.c.h; path = GameOverLoose.h; sourceTree = "<group>"; };
		80F7F6FE1992BC43000C047B /* GameOverLoose.m */ = {isa = PBXFileReference; fileEncoding = 4; lastKnownFileType = sourcecode.c.objc; path = GameOverLoose.m; sourceTree = "<group>"; };
		8392007918EE8E3300B6C429 /* GLKit.framework */ = {isa = PBXFileReference; lastKnownFileType = wrapper.framework; name = GLKit.framework; path = System/Library/Frameworks/GLKit.framework; sourceTree = SDKROOT; };
		B737893A180761570076A88C /* Published-iOS */ = {isa = PBXFileReference; lastKnownFileType = folder; name = "Published-iOS"; path = "Source/Resources/Published-iOS"; sourceTree = SOURCE_ROOT; };
		B737893D1807617C0076A88C /* AppDelegate.h */ = {isa = PBXFileReference; fileEncoding = 4; lastKnownFileType = sourcecode.c.h; name = AppDelegate.h; path = Source/AppDelegate.h; sourceTree = "<group>"; };
		B7378940180761A80076A88C /* cocos2d-ios.xcodeproj */ = {isa = PBXFileReference; lastKnownFileType = "wrapper.pb-project"; name = "cocos2d-ios.xcodeproj"; path = "Source/libs/cocos2d-iphone/cocos2d-ios.xcodeproj"; sourceTree = SOURCE_ROOT; };
		B73789851807631A0076A88C /* main.m */ = {isa = PBXFileReference; fileEncoding = 4; lastKnownFileType = sourcecode.c.objc; name = main.m; path = Source/main.m; sourceTree = SOURCE_ROOT; };
		B73789861807631A0076A88C /* Prefix.pch */ = {isa = PBXFileReference; fileEncoding = 4; lastKnownFileType = sourcecode.c.h; name = Prefix.pch; path = Source/Prefix.pch; sourceTree = SOURCE_ROOT; };
		B7378992180767190076A88C /* MainScene.h */ = {isa = PBXFileReference; fileEncoding = 4; lastKnownFileType = sourcecode.c.h; name = MainScene.h; path = Source/MainScene.h; sourceTree = "<group>"; };
		B7378993180767190076A88C /* MainScene.m */ = {isa = PBXFileReference; fileEncoding = 4; lastKnownFileType = sourcecode.c.objc; name = MainScene.m; path = Source/MainScene.m; sourceTree = "<group>"; };
		B77F1B2E17B978D7009739AE /* Cramped.app */ = {isa = PBXFileReference; explicitFileType = wrapper.application; includeInIndex = 0; path = Cramped.app; sourceTree = BUILT_PRODUCTS_DIR; };
		B77F1B3117B978D7009739AE /* QuartzCore.framework */ = {isa = PBXFileReference; lastKnownFileType = wrapper.framework; name = QuartzCore.framework; path = System/Library/Frameworks/QuartzCore.framework; sourceTree = SDKROOT; };
		B77F1B3317B978D7009739AE /* OpenGLES.framework */ = {isa = PBXFileReference; lastKnownFileType = wrapper.framework; name = OpenGLES.framework; path = System/Library/Frameworks/OpenGLES.framework; sourceTree = SDKROOT; };
		B77F1B3517B978D7009739AE /* OpenAL.framework */ = {isa = PBXFileReference; lastKnownFileType = wrapper.framework; name = OpenAL.framework; path = System/Library/Frameworks/OpenAL.framework; sourceTree = SDKROOT; };
		B77F1B3717B978D7009739AE /* AudioToolbox.framework */ = {isa = PBXFileReference; lastKnownFileType = wrapper.framework; name = AudioToolbox.framework; path = System/Library/Frameworks/AudioToolbox.framework; sourceTree = SDKROOT; };
		B77F1B3917B978D7009739AE /* AVFoundation.framework */ = {isa = PBXFileReference; lastKnownFileType = wrapper.framework; name = AVFoundation.framework; path = System/Library/Frameworks/AVFoundation.framework; sourceTree = SDKROOT; };
		B77F1B3B17B978D7009739AE /* UIKit.framework */ = {isa = PBXFileReference; lastKnownFileType = wrapper.framework; name = UIKit.framework; path = System/Library/Frameworks/UIKit.framework; sourceTree = SDKROOT; };
		B77F1B3D17B978D7009739AE /* Foundation.framework */ = {isa = PBXFileReference; lastKnownFileType = wrapper.framework; name = Foundation.framework; path = System/Library/Frameworks/Foundation.framework; sourceTree = SDKROOT; };
		B77F1B3F17B978D7009739AE /* CoreGraphics.framework */ = {isa = PBXFileReference; lastKnownFileType = wrapper.framework; name = CoreGraphics.framework; path = System/Library/Frameworks/CoreGraphics.framework; sourceTree = SDKROOT; };
		B77F1B4117B978D7009739AE /* CoreText.framework */ = {isa = PBXFileReference; lastKnownFileType = wrapper.framework; name = CoreText.framework; path = System/Library/Frameworks/CoreText.framework; sourceTree = SDKROOT; };
		B7B3713D180358F1007369CC /* libObjectiveChipmunk.a */ = {isa = PBXFileReference; lastKnownFileType = archive.ar; name = libObjectiveChipmunk.a; path = "../libs/cocos2d-iphone/external/Chipmunk/xcode/build/Debug-iphoneos/libObjectiveChipmunk.a"; sourceTree = "<group>"; };
/* End PBXFileReference section */

/* Begin PBXFrameworksBuildPhase section */
		B77F1B2B17B978D7009739AE /* Frameworks */ = {
			isa = PBXFrameworksBuildPhase;
			buildActionMask = 2147483647;
			files = (
				80B7270A19B9678B00C305E7 /* mgwuSDK.framework in Frameworks */,
				80A60198199024E3004C4C0D /* Twitter.framework in Frameworks */,
				80A6019619901DC3004C4C0D /* SystemConfiguration.framework in Frameworks */,
				80A6019219901DAC004C4C0D /* Social.framework in Frameworks */,
				80A6019019901DA3004C4C0D /* MessageUI.framework in Frameworks */,
				80A6018E19901D95004C4C0D /* libz.dylib in Frameworks */,
				8392007A18EE8E3300B6C429 /* GLKit.framework in Frameworks */,
				B77F1B3617B978D7009739AE /* OpenAL.framework in Frameworks */,
				B737898A1807642B0076A88C /* libcocos2d.a in Frameworks */,
				80B7270C19B967B100C305E7 /* StoreKit.framework in Frameworks */,
				B77F1B3217B978D7009739AE /* QuartzCore.framework in Frameworks */,
				B77F1B3417B978D7009739AE /* OpenGLES.framework in Frameworks */,
				B77F1B3817B978D7009739AE /* AudioToolbox.framework in Frameworks */,
				B77F1B3A17B978D7009739AE /* AVFoundation.framework in Frameworks */,
				B77F1B3C17B978D7009739AE /* UIKit.framework in Frameworks */,
				B77F1B3E17B978D7009739AE /* Foundation.framework in Frameworks */,
				B77F1B4017B978D7009739AE /* CoreGraphics.framework in Frameworks */,
				B77F1B4217B978D7009739AE /* CoreText.framework in Frameworks */,
			);
			runOnlyForDeploymentPostprocessing = 0;
		};
/* End PBXFrameworksBuildPhase section */

/* Begin PBXGroup section */
		801BCE4F199DAA4100667EB3 /* CrampedIcons */ = {
			isa = PBXGroup;
			children = (
				8046A4D9199F01ED001D5206 /* Default.png */,
				801BCE5C199DAA4100667EB3 /* ios */,
				801BCE67199DAA4100667EB3 /* ios7 */,
			);
			path = CrampedIcons;
			sourceTree = "<group>";
		};
		801BCE5C199DAA4100667EB3 /* ios */ = {
			isa = PBXGroup;
			children = (
				801BCE5D199DAA4100667EB3 /* Icon-72.png */,
				801BCE5E199DAA4100667EB3 /* Icon-72@2x.png */,
				801BCE5F199DAA4100667EB3 /* Icon-Small-50.png */,
				801BCE60199DAA4100667EB3 /* Icon-Small-50@2x.png */,
				801BCE61199DAA4100667EB3 /* Icon-Small.png */,
				801BCE62199DAA4100667EB3 /* Icon-Small@2x.png */,
				801BCE63199DAA4100667EB3 /* Icon.png */,
				801BCE64199DAA4100667EB3 /* Icon@2x.png */,
				801BCE65199DAA4100667EB3 /* iTunesArtwork.png */,
				801BCE66199DAA4100667EB3 /* iTunesArtwork@2x.png */,
			);
			path = ios;
			sourceTree = "<group>";
		};
		801BCE67199DAA4100667EB3 /* ios7 */ = {
			isa = PBXGroup;
			children = (
				801BCE68199DAA4100667EB3 /* Icon-40.png */,
				801BCE69199DAA4100667EB3 /* Icon-40@2x.png */,
				801BCE6A199DAA4100667EB3 /* Icon-60.png */,
				801BCE6B199DAA4100667EB3 /* Icon-60@2x.png */,
				801BCE6C199DAA4100667EB3 /* Icon-72.png */,
				801BCE6D199DAA4100667EB3 /* Icon-72@2x.png */,
				801BCE6E199DAA4100667EB3 /* Icon-76.png */,
				801BCE6F199DAA4100667EB3 /* Icon-76@2x.png */,
				801BCE70199DAA4100667EB3 /* Icon-Small-50.png */,
				801BCE71199DAA4100667EB3 /* Icon-Small-50@2x.png */,
				801BCE72199DAA4100667EB3 /* Icon-Small.png */,
				801BCE73199DAA4100667EB3 /* Icon-Small@2x.png */,
				801BCE74199DAA4100667EB3 /* Icon.png */,
				801BCE75199DAA4100667EB3 /* Icon@2x.png */,
				801BCE76199DAA4100667EB3 /* iTunesArtwork.png */,
				801BCE77199DAA4100667EB3 /* iTunesArtwork@2x.png */,
			);
			path = ios7;
			sourceTree = "<group>";
		};
		8026BE6719999A0200FF04BC /* mgwuSDK.embeddedframework */ = {
			isa = PBXGroup;
			children = (
				8026BE6819999A0200FF04BC /* mgwuSDK.framework */,
				8026BE6919999A0200FF04BC /* Resources */,
			);
			path = mgwuSDK.embeddedframework;
			sourceTree = "<group>";
		};
		8026BE6919999A0200FF04BC /* Resources */ = {
			isa = PBXGroup;
			children = (
				8026BE6A19999A0200FF04BC /* aqua.png */,
				8026BE6B19999A0200FF04BC /* bluechatbubble.png */,
				8026BE6C19999A0200FF04BC /* CrossPromoViewController.nib */,
				8026BE6D19999A0200FF04BC /* FacebookIcon.png */,
				8026BE6E19999A0200FF04BC /* fb_connect.png */,
				8026BE6F19999A0200FF04BC /* FBLoginButton.png */,
				8026BE7019999A0200FF04BC /* FBLoginButton@2x.png */,
				8026BE7119999A0200FF04BC /* FBLoginButtonPressed.png */,
				8026BE7219999A0200FF04BC /* FBLoginButtonPressed@2x.png */,
				8026BE7319999A0200FF04BC /* FBNoThanksButton.png */,
				8026BE7419999A0200FF04BC /* FBNoThanksButton@2x.png */,
				8026BE7519999A0200FF04BC /* FBNoThanksButtonPressed.png */,
				8026BE7619999A0200FF04BC /* FBNoThanksButtonPressed@2x.png */,
				8026BE7719999A0200FF04BC /* green.png */,
				8026BE7819999A0200FF04BC /* grey-background.png */,
				8026BE7919999A0200FF04BC /* hipmob.back.btn.png */,
				8026BE7A19999A0200FF04BC /* hipmob.send.png */,
				8026BE7B19999A0200FF04BC /* hipmobsend_field.png */,
				8026BE7C19999A0200FF04BC /* hipmobsend_field@2x.png */,
				8026BE7D19999A0200FF04BC /* mgwu-gk-notification.png */,
				8026BE7E19999A0200FF04BC /* mgwu-gk-notification@2x.png */,
				8026BE7F19999A0200FF04BC /* mgwu-m.png */,
				8026BE8019999A0200FF04BC /* mgwu-m@2x.png */,
				8026BE8119999A0200FF04BC /* MGWUAboutFooter-Landscape-568h@2x~iphone.png */,
				8026BE8219999A0200FF04BC /* MGWUAboutFooter-Landscape@2x~ipad.png */,
				8026BE8319999A0200FF04BC /* MGWUAboutFooter-Landscape@2x~iphone.png */,
				8026BE8419999A0200FF04BC /* MGWUAboutFooter-Landscape~ipad.png */,
				8026BE8519999A0200FF04BC /* MGWUAboutFooter-Landscape~iphone.png */,
				8026BE8619999A0200FF04BC /* MGWUAboutFooter-Portrait@2x~ipad.png */,
				8026BE8719999A0200FF04BC /* MGWUAboutFooter-Portrait@2x~iphone.png */,
				8026BE8819999A0200FF04BC /* MGWUAboutFooter-Portrait~ipad.png */,
				8026BE8919999A0200FF04BC /* MGWUAboutFooter-Portrait~iphone.png */,
				8026BE8A19999A0200FF04BC /* MGWUBackground-Landscape@2x~ipad.png */,
				8026BE8B19999A0200FF04BC /* MGWUBackground-Landscape@2x~iphone.png */,
				8026BE8C19999A0200FF04BC /* MGWUBackground-Landscape~ipad.png */,
				8026BE8D19999A0200FF04BC /* MGWUBackground-Landscape~iphone.png */,
				8026BE8E19999A0200FF04BC /* MGWUBackground-Portrait@2x~ipad.png */,
				8026BE8F19999A0200FF04BC /* MGWUBackground-Portrait@2x~iphone.png */,
				8026BE9019999A0200FF04BC /* MGWUBackground-Portrait~ipad.png */,
				8026BE9119999A0200FF04BC /* MGWUBackground-Portrait~iphone.png */,
				8026BE9219999A0200FF04BC /* MGWUBackgroundDark-Landscape@2x~ipad.png */,
				8026BE9319999A0200FF04BC /* MGWUBackgroundDark-Landscape@2x~iphone.png */,
				8026BE9419999A0200FF04BC /* MGWUBackgroundDark-Landscape~ipad.png */,
				8026BE9519999A0300FF04BC /* MGWUBackgroundDark-Landscape~iphone.png */,
				8026BE9619999A0300FF04BC /* MGWUBackgroundDark-Portrait@2x~ipad.png */,
				8026BE9719999A0300FF04BC /* MGWUBackgroundDark-Portrait@2x~iphone.png */,
				8026BE9819999A0300FF04BC /* MGWUBackgroundDark-Portrait~ipad.png */,
				8026BE9919999A0300FF04BC /* MGWUBackgroundDark-Portrait~iphone.png */,
				8026BE9A19999A0300FF04BC /* MGWUClose.png */,
				8026BE9B19999A0300FF04BC /* MGWUClose@2x.png */,
				8026BE9C19999A0300FF04BC /* MGWUFacebookLoginLandscape.nib */,
				8026BE9D19999A0300FF04BC /* MGWUFacebookLoginLandscapeDark.nib */,
				8026BE9E19999A0300FF04BC /* MGWUFacebookLoginPortrait.nib */,
				8026BE9F19999A0300FF04BC /* MGWUFacebookLoginPortraitDark.nib */,
				8026BEA019999A0300FF04BC /* mgwuLogo.png */,
				8026BEA119999A0300FF04BC /* mgwuLogo@2x.png */,
				8026BEA219999A0300FF04BC /* mgwuLogoDark.png */,
				8026BEA319999A0300FF04BC /* mgwuLogoDark@2x.png */,
				8026BEA419999A0300FF04BC /* mgwuPlaceholderIcon.png */,
				8026BEA519999A0300FF04BC /* mgwuPlaceholderIcon@2x.png */,
				8026BEA619999A0300FF04BC /* mgwuPlaceholderIconDark.png */,
				8026BEA719999A0300FF04BC /* mgwuPlaceholderIconDark@2x.png */,
				8026BEA819999A0300FF04BC /* operator.available.png */,
				8026BEA919999A0300FF04BC /* operator.connecting.png */,
				8026BEAA19999A0300FF04BC /* operator.unavailable.png */,
				8026BEAB19999A0300FF04BC /* send-button-active.png */,
				8026BEAC19999A0300FF04BC /* send-button-inactive.png */,
				8026BEAD19999A0300FF04BC /* send-button-instate.png */,
				8026BEAE19999A0300FF04BC /* send-field-landscape.png */,
			);
			path = Resources;
			sourceTree = "<group>";
		};
		807B1E94196E16AE00D578B7 /* Shapes */ = {
			isa = PBXGroup;
			children = (
				80CB6DBD1966207600B466BE /* Rectangle.h */,
				80CB6DBE1966207600B466BE /* Rectangle.m */,
				801BCE48199D22F700667EB3 /* LBButton.h */,
				801BCE49199D22F800667EB3 /* LBButton.m */,
				80AFFA4D196C4ED700B02012 /* Triangle.h */,
				80AFFA4E196C4ED700B02012 /* Triangle.m */,
				8087C53C1986CDB000CB94D9 /* startTri.m */,
				8087C53B1986CDB000CB94D9 /* startTri.h */,
				80220FE0196DCF82006CC5D3 /* ShapeGrow.m */,
				80220FDF196DCF82006CC5D3 /* ShapeGrow.h */,
				806E0ED81993E3560005FD5B /* Taphere.h */,
				806E0ED91993E3560005FD5B /* Taphere.m */,
				806E0EDC1993E3640005FD5B /* Orhere.h */,
				806E0EDD1993E3640005FD5B /* Orhere.m */,
			);
			name = Shapes;
			sourceTree = "<group>";
		};
		9222E2B918734FF800A246C7 /* libs */ = {
			isa = PBXGroup;
			children = (
				B7378940180761A80076A88C /* cocos2d-ios.xcodeproj */,
			);
			name = libs;
			sourceTree = "<group>";
		};
		B737893C1807616C0076A88C /* Source */ = {
			isa = PBXGroup;
			children = (
				807B1E94196E16AE00D578B7 /* Shapes */,
				80F7F6FD1992BC43000C047B /* GameOverLoose.h */,
				80A584B3199F78EF00281A41 /* rankingLabel.m */,
				80A584B2199F78EF00281A41 /* rankingLabel.h */,
				80F7F6FE1992BC43000C047B /* GameOverLoose.m */,
				B737893D1807617C0076A88C /* AppDelegate.h */,
				801D5ABB19915D1900116FE5 /* AppDelegate.m */,
				B7378993180767190076A88C /* MainScene.m */,
				800FFDDA199AB0C50062AA13 /* LBRow.h */,
				B7378992180767190076A88C /* MainScene.h */,
				800FFDDB199AB0C50062AA13 /* LBRow.m */,
				800FFDD6199A87730062AA13 /* leaderboardScreen.h */,
				800FFDD7199A87730062AA13 /* leaderboardScreen.m */,
				806E0EDF199582BC0005FD5B /* failTutorial.h */,
				806E0EE0199582BC0005FD5B /* failTutorial.m */,
				806E0EE2199582D40005FD5B /* passTutorial.h */,
				809A2C821991C930007B0184 /* tutorial1.h */,
				806E0EE3199582D40005FD5B /* passTutorial.m */,
				806E0ED21992FFA60005FD5B /* tap.h */,
				806E0ED31992FFA60005FD5B /* tap.m */,
				809A2C831991C930007B0184 /* tutorial1.m */,
				80A020EB19816FFA006E4626 /* BorderLine.m */,
				80A020EA19816FFA006E4626 /* BorderLine.h */,
				8074A99F1977444B00835ED3 /* GameOver.h */,
				8077C3E0197DAC0500DFF999 /* BeginGame.h */,
				8074A9A01977444B00835ED3 /* GameOver.m */,
				8077C3E1197DAC0500DFF999 /* BeginGame.m */,
			);
			name = Source;
			sourceTree = "<group>";
		};
		B7378941180761A80076A88C /* Products */ = {
			isa = PBXGroup;
			children = (
				B737894B180761A90076A88C /* libcocos2d.a */,
			);
			name = Products;
			sourceTree = "<group>";
		};
		B73789911807667A0076A88C /* Icons */ = {
			isa = PBXGroup;
			children = (
				8046A4D7199F01D0001D5206 /* Default~iphone.png */,
				801BCE4F199DAA4100667EB3 /* CrampedIcons */,
			);
			name = Icons;
			sourceTree = "<group>";
		};
		B77F1B2517B978D7009739AE = {
			isa = PBXGroup;
			children = (
				80D58BCF19A59891005A33C5 /* Default-568h@2x.png */,
				B737893C1807616C0076A88C /* Source */,
				B77F1B4617B978D7009739AE /* Resources */,
				9222E2B918734FF800A246C7 /* libs */,
				B77F1CCF17B978D8009739AE /* Supporting Files */,
				B77F1B3017B978D7009739AE /* Frameworks */,
				B77F1B2F17B978D7009739AE /* Products */,
			);
			sourceTree = "<group>";
		};
		B77F1B2F17B978D7009739AE /* Products */ = {
			isa = PBXGroup;
			children = (
				B77F1B2E17B978D7009739AE /* Cramped.app */,
			);
			name = Products;
			sourceTree = "<group>";
		};
		B77F1B3017B978D7009739AE /* Frameworks */ = {
			isa = PBXGroup;
			children = (
				80B7270B19B967B100C305E7 /* StoreKit.framework */,
				80B7270519B965A500C305E7 /* mgwuSDK.framework */,
				80B7270319B9657700C305E7 /* mgwuSDK.framework */,
				80B726FF19B94D7800C305E7 /* Bolts.framework */,
				80B726FC19B94A2200C305E7 /* facebook-ios-sdk-3.18.pkg */,
				80B726F919B9493500C305E7 /* FacebookSDK.framework */,
				8026BE6719999A0200FF04BC /* mgwuSDK.embeddedframework */,
				80A60197199024E3004C4C0D /* Twitter.framework */,
				80A6019519901DC3004C4C0D /* SystemConfiguration.framework */,
				80A6019119901DAC004C4C0D /* Social.framework */,
				80A6018F19901DA3004C4C0D /* MessageUI.framework */,
				80A6018D19901D95004C4C0D /* libz.dylib */,
				8392007918EE8E3300B6C429 /* GLKit.framework */,
				B7B3713D180358F1007369CC /* libObjectiveChipmunk.a */,
				B77F1B3117B978D7009739AE /* QuartzCore.framework */,
				B77F1B3317B978D7009739AE /* OpenGLES.framework */,
				B77F1B3517B978D7009739AE /* OpenAL.framework */,
				B77F1B3717B978D7009739AE /* AudioToolbox.framework */,
				B77F1B3917B978D7009739AE /* AVFoundation.framework */,
				B77F1B3B17B978D7009739AE /* UIKit.framework */,
				B77F1B3D17B978D7009739AE /* Foundation.framework */,
				B77F1B3F17B978D7009739AE /* CoreGraphics.framework */,
				B77F1B4117B978D7009739AE /* CoreText.framework */,
			);
			name = Frameworks;
			sourceTree = "<group>";
		};
		B77F1B4617B978D7009739AE /* Resources */ = {
			isa = PBXGroup;
			children = (
				801BCE98199DAB4B00667EB3 /* Images-2.xcassets */,
				B73789911807667A0076A88C /* Icons */,
				801BCE4B199DA2F200667EB3 /* Images.xcassets */,
				B737893A180761570076A88C /* Published-iOS */,
			);
			name = Resources;
			path = Source/Resources;
			sourceTree = "<group>";
		};
		B77F1CCF17B978D8009739AE /* Supporting Files */ = {
			isa = PBXGroup;
			children = (
				B73789851807631A0076A88C /* main.m */,
				B73789861807631A0076A88C /* Prefix.pch */,
			);
			name = "Supporting Files";
			sourceTree = "<group>";
		};
/* End PBXGroup section */

/* Begin PBXNativeTarget section */
		B77F1B2D17B978D7009739AE /* rectsiPhoneGame */ = {
			isa = PBXNativeTarget;
			buildConfigurationList = B77F1CDE17B978D8009739AE /* Build configuration list for PBXNativeTarget "rectsiPhoneGame" */;
			buildPhases = (
				B77F1B2A17B978D7009739AE /* Sources */,
				B77F1B2B17B978D7009739AE /* Frameworks */,
				B77F1B2C17B978D7009739AE /* Resources */,
			);
			buildRules = (
			);
			dependencies = (
				B7378989180764180076A88C /* PBXTargetDependency */,
			);
			name = rectsiPhoneGame;
			productName = Example;
			productReference = B77F1B2E17B978D7009739AE /* Cramped.app */;
			productType = "com.apple.product-type.application";
		};
/* End PBXNativeTarget section */

/* Begin PBXProject section */
		B77F1B2617B978D7009739AE /* Project object */ = {
			isa = PBXProject;
			attributes = {
				LastUpgradeCheck = 0510;
				ORGANIZATIONNAME = Apportable;
				TargetAttributes = {
					B77F1B2D17B978D7009739AE = {
						DevelopmentTeam = 6SVRF65PW8;
						SystemCapabilities = {
							com.apple.GameCenter = {
								enabled = 0;
							};
							com.apple.InAppPurchase = {
								enabled = 1;
							};
						};
					};
				};
			};
			buildConfigurationList = B77F1B2917B978D7009739AE /* Build configuration list for PBXProject "Cramped" */;
			compatibilityVersion = "Xcode 3.2";
			developmentRegion = English;
			hasScannedForEncodings = 0;
			knownRegions = (
				en,
				he,
			);
			mainGroup = B77F1B2517B978D7009739AE;
			productRefGroup = B77F1B2F17B978D7009739AE /* Products */;
			projectDirPath = "";
			projectReferences = (
				{
					ProductGroup = B7378941180761A80076A88C /* Products */;
					ProjectRef = B7378940180761A80076A88C /* cocos2d-ios.xcodeproj */;
				},
			);
			projectRoot = "";
			targets = (
				B77F1B2D17B978D7009739AE /* rectsiPhoneGame */,
			);
		};
/* End PBXProject section */

/* Begin PBXReferenceProxy section */
		B737894B180761A90076A88C /* libcocos2d.a */ = {
			isa = PBXReferenceProxy;
			fileType = archive.ar;
			path = libcocos2d.a;
			remoteRef = B737894A180761A90076A88C /* PBXContainerItemProxy */;
			sourceTree = BUILT_PRODUCTS_DIR;
		};
/* End PBXReferenceProxy section */

/* Begin PBXResourcesBuildPhase section */
		B77F1B2C17B978D7009739AE /* Resources */ = {
			isa = PBXResourcesBuildPhase;
			buildActionMask = 2147483647;
			files = (
				8026BEEE19999A0300FF04BC /* operator.available.png in Resources */,
				8026BEF219999A0300FF04BC /* send-button-inactive.png in Resources */,
				8026BECC19999A0300FF04BC /* MGWUAboutFooter-Portrait@2x~ipad.png in Resources */,
				8026BEBB19999A0300FF04BC /* FBNoThanksButtonPressed.png in Resources */,
				8026BEE319999A0300FF04BC /* MGWUFacebookLoginLandscapeDark.nib in Resources */,
				8026BEEC19999A0300FF04BC /* mgwuPlaceholderIconDark.png in Resources */,
				8026BECD19999A0300FF04BC /* MGWUAboutFooter-Portrait@2x~iphone.png in Resources */,
				8026BEC919999A0300FF04BC /* MGWUAboutFooter-Landscape@2x~iphone.png in Resources */,
				801BCE96199DAA4100667EB3 /* iTunesArtwork.png in Resources */,
				8026BEF319999A0300FF04BC /* send-button-instate.png in Resources */,
				8026BEE919999A0300FF04BC /* mgwuLogoDark@2x.png in Resources */,
				801BCE4C199DA2F200667EB3 /* Images.xcassets in Resources */,
				8026BEF019999A0300FF04BC /* operator.unavailable.png in Resources */,
				8026BEE819999A0300FF04BC /* mgwuLogoDark.png in Resources */,
				8026BED019999A0300FF04BC /* MGWUBackground-Landscape@2x~ipad.png in Resources */,
				8026BED519999A0300FF04BC /* MGWUBackground-Portrait@2x~iphone.png in Resources */,
				801BCE8E199DAA4100667EB3 /* Icon-76.png in Resources */,
				8026BEC719999A0300FF04BC /* MGWUAboutFooter-Landscape-568h@2x~iphone.png in Resources */,
				8026BED119999A0300FF04BC /* MGWUBackground-Landscape@2x~iphone.png in Resources */,
				8046A4DA199F01ED001D5206 /* Default.png in Resources */,
				801BCE93199DAA4100667EB3 /* Icon-Small@2x.png in Resources */,
				8026BEBF19999A0300FF04BC /* hipmob.back.btn.png in Resources */,
				8026BEBE19999A0300FF04BC /* grey-background.png in Resources */,
				8026BEB519999A0300FF04BC /* FBLoginButton.png in Resources */,
				8026BEBD19999A0300FF04BC /* green.png in Resources */,
				8026BED219999A0300FF04BC /* MGWUBackground-Landscape~ipad.png in Resources */,
				801BCE8F199DAA4100667EB3 /* Icon-76@2x.png in Resources */,
				8026BEB919999A0300FF04BC /* FBNoThanksButton.png in Resources */,
				80D58BD019A59891005A33C5 /* Default-568h@2x.png in Resources */,
				801BCE81199DAA4100667EB3 /* Icon-Small-50@2x.png in Resources */,
				8026BECA19999A0300FF04BC /* MGWUAboutFooter-Landscape~ipad.png in Resources */,
				8026BEC119999A0300FF04BC /* hipmobsend_field.png in Resources */,
				8026BEB319999A0300FF04BC /* FacebookIcon.png in Resources */,
				8026BEDC19999A0300FF04BC /* MGWUBackgroundDark-Portrait@2x~ipad.png in Resources */,
				8026BEEA19999A0300FF04BC /* mgwuPlaceholderIcon.png in Resources */,
				8026BED619999A0300FF04BC /* MGWUBackground-Portrait~ipad.png in Resources */,
				8026BEB019999A0300FF04BC /* aqua.png in Resources */,
				8046A4D8199F01D0001D5206 /* Default~iphone.png in Resources */,
				8026BEE219999A0300FF04BC /* MGWUFacebookLoginLandscape.nib in Resources */,
				8026BEB419999A0300FF04BC /* fb_connect.png in Resources */,
				8026BEC619999A0300FF04BC /* mgwu-m@2x.png in Resources */,
				8026BEC819999A0300FF04BC /* MGWUAboutFooter-Landscape@2x~ipad.png in Resources */,
				8026BED819999A0300FF04BC /* MGWUBackgroundDark-Landscape@2x~ipad.png in Resources */,
				801BCE97199DAA4100667EB3 /* iTunesArtwork@2x.png in Resources */,
				801BCE94199DAA4100667EB3 /* Icon.png in Resources */,
				8026BEBA19999A0300FF04BC /* FBNoThanksButton@2x.png in Resources */,
				8026BEE419999A0300FF04BC /* MGWUFacebookLoginPortrait.nib in Resources */,
				8026BECB19999A0300FF04BC /* MGWUAboutFooter-Landscape~iphone.png in Resources */,
				8026BECF19999A0300FF04BC /* MGWUAboutFooter-Portrait~iphone.png in Resources */,
				8026BECE19999A0300FF04BC /* MGWUAboutFooter-Portrait~ipad.png in Resources */,
				801BCE7E199DAA4100667EB3 /* Icon-72.png in Resources */,
				801BCE87199DAA4100667EB3 /* iTunesArtwork@2x.png in Resources */,
				8026BEDA19999A0300FF04BC /* MGWUBackgroundDark-Landscape~ipad.png in Resources */,
				8026BEF119999A0300FF04BC /* send-button-active.png in Resources */,
				801BCE90199DAA4100667EB3 /* Icon-Small-50.png in Resources */,
				8026BEE519999A0300FF04BC /* MGWUFacebookLoginPortraitDark.nib in Resources */,
				B737893B180761570076A88C /* Published-iOS in Resources */,
				801BCE83199DAA4100667EB3 /* Icon-Small@2x.png in Resources */,
				8026BEEF19999A0300FF04BC /* operator.connecting.png in Resources */,
				8026BEC219999A0300FF04BC /* hipmobsend_field@2x.png in Resources */,
				801BCE92199DAA4100667EB3 /* Icon-Small.png in Resources */,
				8026BEB819999A0300FF04BC /* FBLoginButtonPressed@2x.png in Resources */,
				801BCE7F199DAA4100667EB3 /* Icon-72@2x.png in Resources */,
				8026BEB719999A0300FF04BC /* FBLoginButtonPressed.png in Resources */,
				8026BEB619999A0300FF04BC /* FBLoginButton@2x.png in Resources */,
				801BCE95199DAA4100667EB3 /* Icon@2x.png in Resources */,
				801BCE8D199DAA4100667EB3 /* Icon-72@2x.png in Resources */,
				801BCE99199DAB4B00667EB3 /* Images-2.xcassets in Resources */,
				8026BEC519999A0300FF04BC /* mgwu-m.png in Resources */,
				801BCE84199DAA4100667EB3 /* Icon.png in Resources */,
				8026BEB119999A0300FF04BC /* bluechatbubble.png in Resources */,
				8026BEEB19999A0300FF04BC /* mgwuPlaceholderIcon@2x.png in Resources */,
				8026BEDB19999A0300FF04BC /* MGWUBackgroundDark-Landscape~iphone.png in Resources */,
				801BCE8C199DAA4100667EB3 /* Icon-72.png in Resources */,
				8026BEB219999A0300FF04BC /* CrossPromoViewController.nib in Resources */,
				8026BED719999A0300FF04BC /* MGWUBackground-Portrait~iphone.png in Resources */,
				8026BEC019999A0300FF04BC /* hipmob.send.png in Resources */,
				8026BEDE19999A0300FF04BC /* MGWUBackgroundDark-Portrait~ipad.png in Resources */,
				8026BED419999A0300FF04BC /* MGWUBackground-Portrait@2x~ipad.png in Resources */,
				801BCE91199DAA4100667EB3 /* Icon-Small-50@2x.png in Resources */,
				8026BED319999A0300FF04BC /* MGWUBackground-Landscape~iphone.png in Resources */,
				8026BEED19999A0300FF04BC /* mgwuPlaceholderIconDark@2x.png in Resources */,
				801BCE89199DAA4100667EB3 /* Icon-40@2x.png in Resources */,
				8026BEDF19999A0300FF04BC /* MGWUBackgroundDark-Portrait~iphone.png in Resources */,
				801BCE85199DAA4100667EB3 /* Icon@2x.png in Resources */,
				801BCE82199DAA4100667EB3 /* Icon-Small.png in Resources */,
				8026BEE619999A0300FF04BC /* mgwuLogo.png in Resources */,
				801BCE88199DAA4100667EB3 /* Icon-40.png in Resources */,
				8026BEE719999A0300FF04BC /* mgwuLogo@2x.png in Resources */,
				8026BEE019999A0300FF04BC /* MGWUClose.png in Resources */,
				8026BEBC19999A0300FF04BC /* FBNoThanksButtonPressed@2x.png in Resources */,
				8026BEE119999A0300FF04BC /* MGWUClose@2x.png in Resources */,
				8026BEC419999A0300FF04BC /* mgwu-gk-notification@2x.png in Resources */,
				8026BEC319999A0300FF04BC /* mgwu-gk-notification.png in Resources */,
				8026BEF419999A0300FF04BC /* send-field-landscape.png in Resources */,
				801BCE80199DAA4100667EB3 /* Icon-Small-50.png in Resources */,
				801BCE8A199DAA4100667EB3 /* Icon-60.png in Resources */,
				8026BED919999A0300FF04BC /* MGWUBackgroundDark-Landscape@2x~iphone.png in Resources */,
				801BCE8B199DAA4100667EB3 /* Icon-60@2x.png in Resources */,
				8026BEDD19999A0300FF04BC /* MGWUBackgroundDark-Portrait@2x~iphone.png in Resources */,
				801BCE86199DAA4100667EB3 /* iTunesArtwork.png in Resources */,
			);
			runOnlyForDeploymentPostprocessing = 0;
		};
/* End PBXResourcesBuildPhase section */

/* Begin PBXSourcesBuildPhase section */
		B77F1B2A17B978D7009739AE /* Sources */ = {
			isa = PBXSourcesBuildPhase;
			buildActionMask = 2147483647;
			files = (
				80A584B4199F78EF00281A41 /* rankingLabel.m in Sources */,
				806E0EDA1993E3560005FD5B /* Taphere.m in Sources */,
				80AFFA4F196C4ED700B02012 /* Triangle.m in Sources */,
				80A020EC19816FFA006E4626 /* BorderLine.m in Sources */,
				8074A9A11977444B00835ED3 /* GameOver.m in Sources */,
				B7378994180767190076A88C /* MainScene.m in Sources */,
				806E0EE4199582D40005FD5B /* passTutorial.m in Sources */,
				B73789871807631A0076A88C /* main.m in Sources */,
				806E0EE1199582BC0005FD5B /* failTutorial.m in Sources */,
				800FFDD8199A87730062AA13 /* leaderboardScreen.m in Sources */,
				80220FE1196DCF82006CC5D3 /* ShapeGrow.m in Sources */,
				806E0EDE1993E3640005FD5B /* Orhere.m in Sources */,
				800FFDDC199AB0C50062AA13 /* LBRow.m in Sources */,
				809A2C841991C930007B0184 /* tutorial1.m in Sources */,
				801D5ABC19915D1900116FE5 /* AppDelegate.m in Sources */,
				80CB6DBF1966207600B466BE /* Rectangle.m in Sources */,
				801BCE4A199D22F800667EB3 /* LBButton.m in Sources */,
				8087C53D1986CDB000CB94D9 /* startTri.m in Sources */,
				80F7F6FF1992BC43000C047B /* GameOverLoose.m in Sources */,
				8077C3E2197DAC0500DFF999 /* BeginGame.m in Sources */,
				806E0ED41992FFA60005FD5B /* tap.m in Sources */,
			);
			runOnlyForDeploymentPostprocessing = 0;
		};
/* End PBXSourcesBuildPhase section */

/* Begin PBXTargetDependency section */
		B7378989180764180076A88C /* PBXTargetDependency */ = {
			isa = PBXTargetDependency;
			name = cocos2d;
			targetProxy = B7378988180764180076A88C /* PBXContainerItemProxy */;
		};
/* End PBXTargetDependency section */

/* Begin XCBuildConfiguration section */
		B77F1CDC17B978D8009739AE /* Debug */ = {
			isa = XCBuildConfiguration;
			buildSettings = {
				CLANG_WARN_BOOL_CONVERSION = YES;
				CLANG_WARN_CONSTANT_CONVERSION = YES;
				CLANG_WARN_EMPTY_BODY = YES;
				CLANG_WARN_ENUM_CONVERSION = YES;
				CLANG_WARN_INT_CONVERSION = YES;
				CLANG_WARN__DUPLICATE_METHOD_MATCH = YES;
				"CODE_SIGN_IDENTITY[sdk=iphoneos*]" = "iPhone Developer";
				GCC_C_LANGUAGE_STANDARD = gnu99;
				GCC_OPTIMIZATION_LEVEL = 0;
				GCC_PREPROCESSOR_DEFINITIONS = (
					DEBUG,
					"COCOS2D_DEBUG=1",
				);
				GCC_SYMBOLS_PRIVATE_EXTERN = NO;
				GCC_VERSION = com.apple.compilers.llvm.clang.1_0;
				GCC_WARN_64_TO_32_BIT_CONVERSION = YES;
				GCC_WARN_ABOUT_RETURN_TYPE = YES;
				GCC_WARN_UNDECLARED_SELECTOR = YES;
				GCC_WARN_UNINITIALIZED_AUTOS = YES;
				GCC_WARN_UNUSED_FUNCTION = YES;
				GCC_WARN_UNUSED_VARIABLE = YES;
				IPHONEOS_DEPLOYMENT_TARGET = 4.0;
				ONLY_ACTIVE_ARCH = YES;
				SDKROOT = iphoneos;
				TARGETED_DEVICE_FAMILY = "1,2";
			};
			name = Debug;
		};
		B77F1CDD17B978D8009739AE /* Release */ = {
			isa = XCBuildConfiguration;
			buildSettings = {
				CLANG_WARN_BOOL_CONVERSION = YES;
				CLANG_WARN_CONSTANT_CONVERSION = YES;
				CLANG_WARN_EMPTY_BODY = YES;
				CLANG_WARN_ENUM_CONVERSION = YES;
				CLANG_WARN_INT_CONVERSION = YES;
				CLANG_WARN__DUPLICATE_METHOD_MATCH = YES;
				"CODE_SIGN_IDENTITY[sdk=iphoneos*]" = "iPhone Developer";
				GCC_C_LANGUAGE_STANDARD = gnu99;
				GCC_PREPROCESSOR_DEFINITIONS = (
					NDEBUG,
					"NS_BLOCK_ASSERTIONS=1",
				);
				GCC_VERSION = com.apple.compilers.llvm.clang.1_0;
				GCC_WARN_64_TO_32_BIT_CONVERSION = YES;
				GCC_WARN_ABOUT_RETURN_TYPE = YES;
				GCC_WARN_UNDECLARED_SELECTOR = YES;
				GCC_WARN_UNINITIALIZED_AUTOS = YES;
				GCC_WARN_UNUSED_FUNCTION = YES;
				GCC_WARN_UNUSED_VARIABLE = YES;
				IPHONEOS_DEPLOYMENT_TARGET = 4.0;
				SDKROOT = iphoneos;
				TARGETED_DEVICE_FAMILY = "1,2";
			};
			name = Release;
		};
		B77F1CDF17B978D8009739AE /* Debug */ = {
			isa = XCBuildConfiguration;
			buildSettings = {
				ALWAYS_SEARCH_USER_PATHS = NO;
				CLANG_ENABLE_OBJC_ARC = YES;
				CODE_SIGN_IDENTITY = "iPhone Developer";
				"CODE_SIGN_IDENTITY[sdk=iphoneos*]" = "iPhone Developer";
				COPY_PHASE_STRIP = NO;
				FRAMEWORK_SEARCH_PATHS = "/Users/giselakottmeier/Desktop/mgwuSDK-master/mgwuSDK.embeddedframework";
				GCC_DYNAMIC_NO_PIC = NO;
				GCC_PRECOMPILE_PREFIX_HEADER = YES;
				GCC_PREFIX_HEADER = Source/Prefix.pch;
				HEADER_SEARCH_PATHS = (
					"\"Source/libs/cocos2d-iphone/external/kazmath/include\"/**",
					"\"Source/libs/cocos2d-iphone/cocos2d\"/**",
					"Source/libs/cocos2d-iphone/external/Chipmunk/objectivec/include",
					"Source/libs/cocos2d-iphone/external/Chipmunk/include",
					"\"Source/libs/cocos2d-iphone/cocos2d-ui\"/**",
					"\"Source/libs/cocos2d-iphone/external/ObjectAL\"/**",
				);
				INFOPLIST_FILE = Source/Resources/Info.plist;
				IPHONEOS_DEPLOYMENT_TARGET = 6.0;
				OTHER_LDFLAGS = (
					"-lz",
					"-lsqlite3",
					"-ObjC",
				);
				PRODUCT_NAME = Cramped;
				PROVISIONING_PROFILE = "";
				TARGETED_DEVICE_FAMILY = "1,2";
				WRAPPER_EXTENSION = app;
			};
			name = Debug;
		};
		B77F1CE017B978D8009739AE /* Release */ = {
			isa = XCBuildConfiguration;
			buildSettings = {
				ALWAYS_SEARCH_USER_PATHS = NO;
				CLANG_ENABLE_OBJC_ARC = YES;
				CODE_SIGN_IDENTITY = "iPhone Developer";
				"CODE_SIGN_IDENTITY[sdk=iphoneos*]" = "iPhone Developer";
				COPY_PHASE_STRIP = YES;
				FRAMEWORK_SEARCH_PATHS = "/Users/giselakottmeier/Desktop/mgwuSDK-master/mgwuSDK.embeddedframework";
				GCC_PRECOMPILE_PREFIX_HEADER = YES;
				GCC_PREFIX_HEADER = Source/Prefix.pch;
				HEADER_SEARCH_PATHS = (
					"\"Source/libs/cocos2d-iphone/external/kazmath/include\"/**",
					"\"Source/libs/cocos2d-iphone/cocos2d\"/**",
					"Source/libs/cocos2d-iphone/external/Chipmunk/objectivec/include",
					"Source/libs/cocos2d-iphone/external/Chipmunk/include",
					"\"Source/libs/cocos2d-iphone/cocos2d-ui\"/**",
					"\"Source/libs/cocos2d-iphone/external/ObjectAL\"/**",
				);
				INFOPLIST_FILE = Source/Resources/Info.plist;
				IPHONEOS_DEPLOYMENT_TARGET = 6.0;
				OTHER_LDFLAGS = (
					"-lz",
					"-lsqlite3",
					"-ObjC",
				);
				PRODUCT_NAME = Cramped;
				PROVISIONING_PROFILE = "";
				TARGETED_DEVICE_FAMILY = "1,2";
				VALIDATE_PRODUCT = YES;
				WRAPPER_EXTENSION = app;
			};
			name = Release;
		};
/* End XCBuildConfiguration section */

/* Begin XCConfigurationList section */
		B77F1B2917B978D7009739AE /* Build configuration list for PBXProject "Cramped" */ = {
			isa = XCConfigurationList;
			buildConfigurations = (
				B77F1CDC17B978D8009739AE /* Debug */,
				B77F1CDD17B978D8009739AE /* Release */,
			);
			defaultConfigurationIsVisible = 0;
			defaultConfigurationName = Release;
		};
		B77F1CDE17B978D8009739AE /* Build configuration list for PBXNativeTarget "rectsiPhoneGame" */ = {
			isa = XCConfigurationList;
			buildConfigurations = (
				B77F1CDF17B978D8009739AE /* Debug */,
				B77F1CE017B978D8009739AE /* Release */,
			);
			defaultConfigurationIsVisible = 0;
			defaultConfigurationName = Release;
		};
/* End XCConfigurationList section */
	};
	rootObject = B77F1B2617B978D7009739AE /* Project object */;
}
